// !$*UTF8*$!
{
	archiveVersion = 1;
	classes = {
	};
	objectVersion = 48;
	objects = {

/* Begin PBXBuildFile section */
		9A35162D1F491C8600571621 /* AppDelegate.swift in Sources */ = {isa = PBXBuildFile; fileRef = 9A35162C1F491C8600571621 /* AppDelegate.swift */; };
		9A35162F1F491C8600571621 /* ViewController.swift in Sources */ = {isa = PBXBuildFile; fileRef = 9A35162E1F491C8600571621 /* ViewController.swift */; };
		9A3516321F491C8600571621 /* Main.storyboard in Resources */ = {isa = PBXBuildFile; fileRef = 9A3516301F491C8600571621 /* Main.storyboard */; };
		9A3516341F491C8600571621 /* Assets.xcassets in Resources */ = {isa = PBXBuildFile; fileRef = 9A3516331F491C8600571621 /* Assets.xcassets */; };
		9A3516371F491C8600571621 /* LaunchScreen.storyboard in Resources */ = {isa = PBXBuildFile; fileRef = 9A3516351F491C8600571621 /* LaunchScreen.storyboard */; };
		9A3516411F49208600571621 /* FFDB.swift in Sources */ = {isa = PBXBuildFile; fileRef = 9A3516401F49208600571621 /* FFDB.swift */; };
		9A4452481F4976570047E528 /* Person.swift in Sources */ = {isa = PBXBuildFile; fileRef = 9A4452471F4976570047E528 /* Person.swift */; };
		9A4E5AB71F663B1E0084812C /* Swift_FFDBTests.swift in Sources */ = {isa = PBXBuildFile; fileRef = 9A4E5AB61F663B1E0084812C /* Swift_FFDBTests.swift */; };
		9A4E5ABF1F663B300084812C /* InsertTest.swift in Sources */ = {isa = PBXBuildFile; fileRef = 9A4E5ABE1F663B300084812C /* InsertTest.swift */; };
		9A4E5AC01F663CEC0084812C /* Insert.swift in Sources */ = {isa = PBXBuildFile; fileRef = 9A6650531F53082D003ADA51 /* Insert.swift */; };
		9A4E5AC21F663CF20084812C /* FFDB+Extension.swift in Sources */ = {isa = PBXBuildFile; fileRef = 9A6650541F53082D003ADA51 /* FFDB+Extension.swift */; };
		9A4E5AC31F663CF60084812C /* Person.swift in Sources */ = {isa = PBXBuildFile; fileRef = 9A4452471F4976570047E528 /* Person.swift */; };
		9A4E5AC41F663CF90084812C /* FFDB.swift in Sources */ = {isa = PBXBuildFile; fileRef = 9A3516401F49208600571621 /* FFDB.swift */; };
		9A6650551F530832003ADA51 /* FFDB+Extension.swift in Sources */ = {isa = PBXBuildFile; fileRef = 9A6650541F53082D003ADA51 /* FFDB+Extension.swift */; };
		9A6650561F530835003ADA51 /* Insert.swift in Sources */ = {isa = PBXBuildFile; fileRef = 9A6650531F53082D003ADA51 /* Insert.swift */; };
		9A849D241F67D97600505E5F /* FFDBManager.swift in Sources */ = {isa = PBXBuildFile; fileRef = 9A849D231F67D97600505E5F /* FFDBManager.swift */; };
		9AAB28011F760B8A0043DCA7 /* FFDBManagerTest.swift in Sources */ = {isa = PBXBuildFile; fileRef = 9AAB28001F760B8A0043DCA7 /* FFDBManagerTest.swift */; };
		9AAB28021F760B900043DCA7 /* FFDBManager.swift in Sources */ = {isa = PBXBuildFile; fileRef = 9A849D231F67D97600505E5F /* FFDBManager.swift */; };
		9AAB28061F760D4D0043DCA7 /* TestStoreModel.swift in Sources */ = {isa = PBXBuildFile; fileRef = 9AAB28051F760D4D0043DCA7 /* TestStoreModel.swift */; };
		9AAB28081F7643170043DCA7 /* Update.swift in Sources */ = {isa = PBXBuildFile; fileRef = 9AAB28071F7643170043DCA7 /* Update.swift */; };
		9AAB280A1F7648750043DCA7 /* UpdateTest.swift in Sources */ = {isa = PBXBuildFile; fileRef = 9AAB28091F7648740043DCA7 /* UpdateTest.swift */; };
		9AAB280B1F7648980043DCA7 /* Update.swift in Sources */ = {isa = PBXBuildFile; fileRef = 9AAB28071F7643170043DCA7 /* Update.swift */; };
		9AD0D94E1F8F8617007CF049 /* Delete.swift in Sources */ = {isa = PBXBuildFile; fileRef = 9AD0D94D1F8F8617007CF049 /* Delete.swift */; };
		9AE95C251F791CA1007DF583 /* Select.swift in Sources */ = {isa = PBXBuildFile; fileRef = 9AE95C241F791CA1007DF583 /* Select.swift */; };
/* End PBXBuildFile section */

/* Begin PBXContainerItemProxy section */
		9A4E5AB91F663B1E0084812C /* PBXContainerItemProxy */ = {
			isa = PBXContainerItemProxy;
			containerPortal = 9A3516211F491C8600571621 /* Project object */;
			proxyType = 1;
			remoteGlobalIDString = 9A3516281F491C8600571621;
			remoteInfo = "Swift-FFDB";
		};
/* End PBXContainerItemProxy section */

/* Begin PBXFileReference section */
		9A3516291F491C8600571621 /* Swift-FFDB.app */ = {isa = PBXFileReference; explicitFileType = wrapper.application; includeInIndex = 0; path = "Swift-FFDB.app"; sourceTree = BUILT_PRODUCTS_DIR; };
		9A35162C1F491C8600571621 /* AppDelegate.swift */ = {isa = PBXFileReference; lastKnownFileType = sourcecode.swift; path = AppDelegate.swift; sourceTree = "<group>"; };
		9A35162E1F491C8600571621 /* ViewController.swift */ = {isa = PBXFileReference; lastKnownFileType = sourcecode.swift; path = ViewController.swift; sourceTree = "<group>"; };
		9A3516311F491C8600571621 /* Base */ = {isa = PBXFileReference; lastKnownFileType = file.storyboard; name = Base; path = Base.lproj/Main.storyboard; sourceTree = "<group>"; };
		9A3516331F491C8600571621 /* Assets.xcassets */ = {isa = PBXFileReference; lastKnownFileType = folder.assetcatalog; path = Assets.xcassets; sourceTree = "<group>"; };
		9A3516361F491C8600571621 /* Base */ = {isa = PBXFileReference; lastKnownFileType = file.storyboard; name = Base; path = Base.lproj/LaunchScreen.storyboard; sourceTree = "<group>"; };
		9A3516381F491C8600571621 /* Info.plist */ = {isa = PBXFileReference; lastKnownFileType = text.plist.xml; path = Info.plist; sourceTree = "<group>"; };
		9A3516401F49208600571621 /* FFDB.swift */ = {isa = PBXFileReference; lastKnownFileType = sourcecode.swift; path = FFDB.swift; sourceTree = "<group>"; };
		9A4452471F4976570047E528 /* Person.swift */ = {isa = PBXFileReference; lastKnownFileType = sourcecode.swift; path = Person.swift; sourceTree = "<group>"; };
		9A4E5AAF1F663AEC0084812C /* XCTest.framework */ = {isa = PBXFileReference; lastKnownFileType = wrapper.framework; name = XCTest.framework; path = Platforms/iPhoneOS.platform/Developer/Library/Frameworks/XCTest.framework; sourceTree = DEVELOPER_DIR; };
		9A4E5AB41F663B1E0084812C /* Swift-FFDBTests.xctest */ = {isa = PBXFileReference; explicitFileType = wrapper.cfbundle; includeInIndex = 0; path = "Swift-FFDBTests.xctest"; sourceTree = BUILT_PRODUCTS_DIR; };
		9A4E5AB61F663B1E0084812C /* Swift_FFDBTests.swift */ = {isa = PBXFileReference; lastKnownFileType = sourcecode.swift; path = Swift_FFDBTests.swift; sourceTree = "<group>"; };
		9A4E5AB81F663B1E0084812C /* Info.plist */ = {isa = PBXFileReference; lastKnownFileType = text.plist.xml; path = Info.plist; sourceTree = "<group>"; };
		9A4E5ABE1F663B300084812C /* InsertTest.swift */ = {isa = PBXFileReference; lastKnownFileType = sourcecode.swift; path = InsertTest.swift; sourceTree = "<group>"; };
		9A6650531F53082D003ADA51 /* Insert.swift */ = {isa = PBXFileReference; lastKnownFileType = sourcecode.swift; path = Insert.swift; sourceTree = "<group>"; };
		9A6650541F53082D003ADA51 /* FFDB+Extension.swift */ = {isa = PBXFileReference; lastKnownFileType = sourcecode.swift; path = "FFDB+Extension.swift"; sourceTree = "<group>"; };
		9A849D231F67D97600505E5F /* FFDBManager.swift */ = {isa = PBXFileReference; lastKnownFileType = sourcecode.swift; path = FFDBManager.swift; sourceTree = "<group>"; };
		9AAB28001F760B8A0043DCA7 /* FFDBManagerTest.swift */ = {isa = PBXFileReference; lastKnownFileType = sourcecode.swift; path = FFDBManagerTest.swift; sourceTree = "<group>"; };
		9AAB28051F760D4D0043DCA7 /* TestStoreModel.swift */ = {isa = PBXFileReference; lastKnownFileType = sourcecode.swift; path = TestStoreModel.swift; sourceTree = "<group>"; };
		9AAB28071F7643170043DCA7 /* Update.swift */ = {isa = PBXFileReference; lastKnownFileType = sourcecode.swift; path = Update.swift; sourceTree = "<group>"; };
		9AAB28091F7648740043DCA7 /* UpdateTest.swift */ = {isa = PBXFileReference; lastKnownFileType = sourcecode.swift; path = UpdateTest.swift; sourceTree = "<group>"; };
		9AD0D94D1F8F8617007CF049 /* Delete.swift */ = {isa = PBXFileReference; lastKnownFileType = sourcecode.swift; path = Delete.swift; sourceTree = "<group>"; };
		9AE95C241F791CA1007DF583 /* Select.swift */ = {isa = PBXFileReference; lastKnownFileType = sourcecode.swift; path = Select.swift; sourceTree = "<group>"; };
/* End PBXFileReference section */

/* Begin PBXFrameworksBuildPhase section */
		9A3516261F491C8600571621 /* Frameworks */ = {
			isa = PBXFrameworksBuildPhase;
			buildActionMask = 2147483647;
			files = (
			);
			runOnlyForDeploymentPostprocessing = 0;
		};
		9A4E5AB11F663B1E0084812C /* Frameworks */ = {
			isa = PBXFrameworksBuildPhase;
			buildActionMask = 2147483647;
			files = (
			);
			runOnlyForDeploymentPostprocessing = 0;
		};
/* End PBXFrameworksBuildPhase section */

/* Begin PBXGroup section */
		9A3516201F491C8600571621 = {
			isa = PBXGroup;
			children = (
				9A35162B1F491C8600571621 /* Swift-FFDB */,
				9A4E5AB51F663B1E0084812C /* Swift-FFDBTests */,
				9A35162A1F491C8600571621 /* Products */,
				9A4E5AAE1F663AEB0084812C /* Frameworks */,
			);
			sourceTree = "<group>";
		};
		9A35162A1F491C8600571621 /* Products */ = {
			isa = PBXGroup;
			children = (
				9A3516291F491C8600571621 /* Swift-FFDB.app */,
				9A4E5AB41F663B1E0084812C /* Swift-FFDBTests.xctest */,
			);
			name = Products;
			sourceTree = "<group>";
		};
		9A35162B1F491C8600571621 /* Swift-FFDB */ = {
			isa = PBXGroup;
			children = (
				9A3516381F491C8600571621 /* Info.plist */,
				9A35162C1F491C8600571621 /* AppDelegate.swift */,
				9A3516401F49208600571621 /* FFDB.swift */,
				9A6650541F53082D003ADA51 /* FFDB+Extension.swift */,
				9A849D231F67D97600505E5F /* FFDBManager.swift */,
				9A6650531F53082D003ADA51 /* Insert.swift */,
				9AE95C241F791CA1007DF583 /* Select.swift */,
				9AD0D94D1F8F8617007CF049 /* Delete.swift */,
				9AAB28071F7643170043DCA7 /* Update.swift */,
				9A4452471F4976570047E528 /* Person.swift */,
				9A35162E1F491C8600571621 /* ViewController.swift */,
				9A3516331F491C8600571621 /* Assets.xcassets */,
				9A3516351F491C8600571621 /* LaunchScreen.storyboard */,
				9A3516301F491C8600571621 /* Main.storyboard */,
			);
			path = "Swift-FFDB";
			sourceTree = "<group>";
		};
		9A4E5AAE1F663AEB0084812C /* Frameworks */ = {
			isa = PBXGroup;
			children = (
				9A4E5AAF1F663AEC0084812C /* XCTest.framework */,
			);
			name = Frameworks;
			sourceTree = "<group>";
		};
		9A4E5AB51F663B1E0084812C /* Swift-FFDBTests */ = {
			isa = PBXGroup;
			children = (
				9A4E5AB61F663B1E0084812C /* Swift_FFDBTests.swift */,
				9A4E5AB81F663B1E0084812C /* Info.plist */,
				9A4E5ABE1F663B300084812C /* InsertTest.swift */,
				9AAB28091F7648740043DCA7 /* UpdateTest.swift */,
				9AAB28001F760B8A0043DCA7 /* FFDBManagerTest.swift */,
				9AAB28051F760D4D0043DCA7 /* TestStoreModel.swift */,
			);
			path = "Swift-FFDBTests";
			sourceTree = "<group>";
		};
/* End PBXGroup section */

/* Begin PBXNativeTarget section */
		9A3516281F491C8600571621 /* Swift-FFDB */ = {
			isa = PBXNativeTarget;
			buildConfigurationList = 9A35163B1F491C8600571621 /* Build configuration list for PBXNativeTarget "Swift-FFDB" */;
			buildPhases = (
				9A3516251F491C8600571621 /* Sources */,
				9A3516261F491C8600571621 /* Frameworks */,
				9A3516271F491C8600571621 /* Resources */,
			);
			buildRules = (
			);
			dependencies = (
			);
			name = "Swift-FFDB";
			productName = "Swift-FFDB";
			productReference = 9A3516291F491C8600571621 /* Swift-FFDB.app */;
			productType = "com.apple.product-type.application";
		};
		9A4E5AB31F663B1E0084812C /* Swift-FFDBTests */ = {
			isa = PBXNativeTarget;
			buildConfigurationList = 9A4E5ABB1F663B1E0084812C /* Build configuration list for PBXNativeTarget "Swift-FFDBTests" */;
			buildPhases = (
				9A4E5AB01F663B1E0084812C /* Sources */,
				9A4E5AB11F663B1E0084812C /* Frameworks */,
				9A4E5AB21F663B1E0084812C /* Resources */,
			);
			buildRules = (
			);
			dependencies = (
				9A4E5ABA1F663B1E0084812C /* PBXTargetDependency */,
			);
			name = "Swift-FFDBTests";
			productName = "Swift-FFDBTests";
			productReference = 9A4E5AB41F663B1E0084812C /* Swift-FFDBTests.xctest */;
			productType = "com.apple.product-type.bundle.unit-test";
		};
/* End PBXNativeTarget section */

/* Begin PBXProject section */
		9A3516211F491C8600571621 /* Project object */ = {
			isa = PBXProject;
			attributes = {
				LastSwiftUpdateCheck = 0900;
				LastUpgradeCheck = 0900;
				ORGANIZATIONNAME = Fidetro;
				TargetAttributes = {
					9A3516281F491C8600571621 = {
						CreatedOnToolsVersion = 9.0;
						SystemCapabilities = {
							com.apple.BackgroundModes = {
								enabled = 0;
							};
						};
					};
					9A4E5AB31F663B1E0084812C = {
						CreatedOnToolsVersion = 9.0;
						TestTargetID = 9A3516281F491C8600571621;
					};
				};
			};
			buildConfigurationList = 9A3516241F491C8600571621 /* Build configuration list for PBXProject "Swift-FFDB" */;
			compatibilityVersion = "Xcode 8.0";
			developmentRegion = en;
			hasScannedForEncodings = 0;
			knownRegions = (
				en,
				Base,
			);
			mainGroup = 9A3516201F491C8600571621;
			productRefGroup = 9A35162A1F491C8600571621 /* Products */;
			projectDirPath = "";
			projectRoot = "";
			targets = (
				9A3516281F491C8600571621 /* Swift-FFDB */,
				9A4E5AB31F663B1E0084812C /* Swift-FFDBTests */,
			);
		};
/* End PBXProject section */

/* Begin PBXResourcesBuildPhase section */
		9A3516271F491C8600571621 /* Resources */ = {
			isa = PBXResourcesBuildPhase;
			buildActionMask = 2147483647;
			files = (
				9A3516371F491C8600571621 /* LaunchScreen.storyboard in Resources */,
				9A3516341F491C8600571621 /* Assets.xcassets in Resources */,
				9A3516321F491C8600571621 /* Main.storyboard in Resources */,
			);
			runOnlyForDeploymentPostprocessing = 0;
		};
		9A4E5AB21F663B1E0084812C /* Resources */ = {
			isa = PBXResourcesBuildPhase;
			buildActionMask = 2147483647;
			files = (
			);
			runOnlyForDeploymentPostprocessing = 0;
		};
/* End PBXResourcesBuildPhase section */

/* Begin PBXSourcesBuildPhase section */
		9A3516251F491C8600571621 /* Sources */ = {
			isa = PBXSourcesBuildPhase;
			buildActionMask = 2147483647;
			files = (
				9AD0D94E1F8F8617007CF049 /* Delete.swift in Sources */,
				9A6650561F530835003ADA51 /* Insert.swift in Sources */,
				9A849D241F67D97600505E5F /* FFDBManager.swift in Sources */,
				9AAB28081F7643170043DCA7 /* Update.swift in Sources */,
				9A35162F1F491C8600571621 /* ViewController.swift in Sources */,
				9A6650551F530832003ADA51 /* FFDB+Extension.swift in Sources */,
				9A35162D1F491C8600571621 /* AppDelegate.swift in Sources */,
				9A4452481F4976570047E528 /* Person.swift in Sources */,
				9A3516411F49208600571621 /* FFDB.swift in Sources */,
				9AE95C251F791CA1007DF583 /* Select.swift in Sources */,
			);
			runOnlyForDeploymentPostprocessing = 0;
		};
		9A4E5AB01F663B1E0084812C /* Sources */ = {
			isa = PBXSourcesBuildPhase;
			buildActionMask = 2147483647;
			files = (
				9AAB280B1F7648980043DCA7 /* Update.swift in Sources */,
				9A4E5AC31F663CF60084812C /* Person.swift in Sources */,
				9AAB28021F760B900043DCA7 /* FFDBManager.swift in Sources */,
				9A4E5AC01F663CEC0084812C /* Insert.swift in Sources */,
				9A4E5AC21F663CF20084812C /* FFDB+Extension.swift in Sources */,
				9AAB28061F760D4D0043DCA7 /* TestStoreModel.swift in Sources */,
				9AAB28011F760B8A0043DCA7 /* FFDBManagerTest.swift in Sources */,
				9AAB280A1F7648750043DCA7 /* UpdateTest.swift in Sources */,
				9A4E5ABF1F663B300084812C /* InsertTest.swift in Sources */,
				9A4E5AC41F663CF90084812C /* FFDB.swift in Sources */,
				9A4E5AB71F663B1E0084812C /* Swift_FFDBTests.swift in Sources */,
			);
			runOnlyForDeploymentPostprocessing = 0;
		};
/* End PBXSourcesBuildPhase section */

/* Begin PBXTargetDependency section */
		9A4E5ABA1F663B1E0084812C /* PBXTargetDependency */ = {
			isa = PBXTargetDependency;
			target = 9A3516281F491C8600571621 /* Swift-FFDB */;
			targetProxy = 9A4E5AB91F663B1E0084812C /* PBXContainerItemProxy */;
		};
/* End PBXTargetDependency section */

/* Begin PBXVariantGroup section */
		9A3516301F491C8600571621 /* Main.storyboard */ = {
			isa = PBXVariantGroup;
			children = (
				9A3516311F491C8600571621 /* Base */,
			);
			name = Main.storyboard;
			sourceTree = "<group>";
		};
		9A3516351F491C8600571621 /* LaunchScreen.storyboard */ = {
			isa = PBXVariantGroup;
			children = (
				9A3516361F491C8600571621 /* Base */,
			);
			name = LaunchScreen.storyboard;
			sourceTree = "<group>";
		};
/* End PBXVariantGroup section */

/* Begin XCBuildConfiguration section */
		9A3516391F491C8600571621 /* Debug */ = {
			isa = XCBuildConfiguration;
			buildSettings = {
				ALWAYS_SEARCH_USER_PATHS = NO;
				CLANG_ANALYZER_NONNULL = YES;
				CLANG_ANALYZER_NUMBER_OBJECT_CONVERSION = YES_AGGRESSIVE;
				CLANG_CXX_LANGUAGE_STANDARD = "gnu++14";
				CLANG_CXX_LIBRARY = "libc++";
				CLANG_ENABLE_MODULES = YES;
				CLANG_ENABLE_OBJC_ARC = YES;
				CLANG_WARN_BLOCK_CAPTURE_AUTORELEASING = YES;
				CLANG_WARN_BOOL_CONVERSION = YES;
				CLANG_WARN_COMMA = YES;
				CLANG_WARN_CONSTANT_CONVERSION = YES;
				CLANG_WARN_DIRECT_OBJC_ISA_USAGE = YES_ERROR;
				CLANG_WARN_DOCUMENTATION_COMMENTS = YES;
				CLANG_WARN_EMPTY_BODY = YES;
				CLANG_WARN_ENUM_CONVERSION = YES;
				CLANG_WARN_INFINITE_RECURSION = YES;
				CLANG_WARN_INT_CONVERSION = YES;
				CLANG_WARN_OBJC_ROOT_CLASS = YES_ERROR;
				CLANG_WARN_RANGE_LOOP_ANALYSIS = YES;
				CLANG_WARN_STRICT_PROTOTYPES = YES;
				CLANG_WARN_SUSPICIOUS_MOVE = YES;
				CLANG_WARN_UNGUARDED_AVAILABILITY = YES_AGGRESSIVE;
				CLANG_WARN_UNREACHABLE_CODE = YES;
				CLANG_WARN__DUPLICATE_METHOD_MATCH = YES;
				CODE_SIGN_IDENTITY = "iPhone Developer";
				COPY_PHASE_STRIP = NO;
				DEBUG_INFORMATION_FORMAT = dwarf;
				ENABLE_STRICT_OBJC_MSGSEND = YES;
				ENABLE_TESTABILITY = YES;
				GCC_C_LANGUAGE_STANDARD = gnu11;
				GCC_DYNAMIC_NO_PIC = NO;
				GCC_NO_COMMON_BLOCKS = YES;
				GCC_OPTIMIZATION_LEVEL = 0;
				GCC_PREPROCESSOR_DEFINITIONS = (
					"DEBUG=1",
					"$(inherited)",
				);
				GCC_WARN_64_TO_32_BIT_CONVERSION = YES;
				GCC_WARN_ABOUT_RETURN_TYPE = YES_ERROR;
				GCC_WARN_UNDECLARED_SELECTOR = YES;
				GCC_WARN_UNINITIALIZED_AUTOS = YES_AGGRESSIVE;
				GCC_WARN_UNUSED_FUNCTION = YES;
				GCC_WARN_UNUSED_VARIABLE = YES;
				IPHONEOS_DEPLOYMENT_TARGET = 11.0;
				MTL_ENABLE_DEBUG_INFO = YES;
				ONLY_ACTIVE_ARCH = YES;
				SDKROOT = iphoneos;
				SWIFT_ACTIVE_COMPILATION_CONDITIONS = DEBUG;
				SWIFT_OPTIMIZATION_LEVEL = "-Onone";
			};
			name = Debug;
		};
		9A35163A1F491C8600571621 /* Release */ = {
			isa = XCBuildConfiguration;
			buildSettings = {
				ALWAYS_SEARCH_USER_PATHS = NO;
				CLANG_ANALYZER_NONNULL = YES;
				CLANG_ANALYZER_NUMBER_OBJECT_CONVERSION = YES_AGGRESSIVE;
				CLANG_CXX_LANGUAGE_STANDARD = "gnu++14";
				CLANG_CXX_LIBRARY = "libc++";
				CLANG_ENABLE_MODULES = YES;
				CLANG_ENABLE_OBJC_ARC = YES;
				CLANG_WARN_BLOCK_CAPTURE_AUTORELEASING = YES;
				CLANG_WARN_BOOL_CONVERSION = YES;
				CLANG_WARN_COMMA = YES;
				CLANG_WARN_CONSTANT_CONVERSION = YES;
				CLANG_WARN_DIRECT_OBJC_ISA_USAGE = YES_ERROR;
				CLANG_WARN_DOCUMENTATION_COMMENTS = YES;
				CLANG_WARN_EMPTY_BODY = YES;
				CLANG_WARN_ENUM_CONVERSION = YES;
				CLANG_WARN_INFINITE_RECURSION = YES;
				CLANG_WARN_INT_CONVERSION = YES;
				CLANG_WARN_OBJC_ROOT_CLASS = YES_ERROR;
				CLANG_WARN_RANGE_LOOP_ANALYSIS = YES;
				CLANG_WARN_STRICT_PROTOTYPES = YES;
				CLANG_WARN_SUSPICIOUS_MOVE = YES;
				CLANG_WARN_UNGUARDED_AVAILABILITY = YES_AGGRESSIVE;
				CLANG_WARN_UNREACHABLE_CODE = YES;
				CLANG_WARN__DUPLICATE_METHOD_MATCH = YES;
				CODE_SIGN_IDENTITY = "iPhone Developer";
				COPY_PHASE_STRIP = NO;
				DEBUG_INFORMATION_FORMAT = "dwarf-with-dsym";
				ENABLE_NS_ASSERTIONS = NO;
				ENABLE_STRICT_OBJC_MSGSEND = YES;
				GCC_C_LANGUAGE_STANDARD = gnu11;
				GCC_NO_COMMON_BLOCKS = YES;
				GCC_WARN_64_TO_32_BIT_CONVERSION = YES;
				GCC_WARN_ABOUT_RETURN_TYPE = YES_ERROR;
				GCC_WARN_UNDECLARED_SELECTOR = YES;
				GCC_WARN_UNINITIALIZED_AUTOS = YES_AGGRESSIVE;
				GCC_WARN_UNUSED_FUNCTION = YES;
				GCC_WARN_UNUSED_VARIABLE = YES;
				IPHONEOS_DEPLOYMENT_TARGET = 11.0;
				MTL_ENABLE_DEBUG_INFO = NO;
				SDKROOT = iphoneos;
				SWIFT_OPTIMIZATION_LEVEL = "-Owholemodule";
				VALIDATE_PRODUCT = YES;
			};
			name = Release;
		};
		9A35163C1F491C8600571621 /* Debug */ = {
			isa = XCBuildConfiguration;
			buildSettings = {
				ASSETCATALOG_COMPILER_APPICON_NAME = AppIcon;
				DEVELOPMENT_TEAM = J3BJ7G2PUN;
				INFOPLIST_FILE = "Swift-FFDB/Info.plist";
				LD_RUNPATH_SEARCH_PATHS = "$(inherited) @executable_path/Frameworks";
				PRODUCT_BUNDLE_IDENTIFIER = "com.Fidetro.Swift-FFDB";
				PRODUCT_NAME = "$(TARGET_NAME)";
				SWIFT_VERSION = 4.0;
				TARGETED_DEVICE_FAMILY = "1,2";
			};
			name = Debug;
		};
		9A35163D1F491C8600571621 /* Release */ = {
			isa = XCBuildConfiguration;
			buildSettings = {
				ASSETCATALOG_COMPILER_APPICON_NAME = AppIcon;
				DEVELOPMENT_TEAM = J3BJ7G2PUN;
				INFOPLIST_FILE = "Swift-FFDB/Info.plist";
				LD_RUNPATH_SEARCH_PATHS = "$(inherited) @executable_path/Frameworks";
				PRODUCT_BUNDLE_IDENTIFIER = "com.Fidetro.Swift-FFDB";
				PRODUCT_NAME = "$(TARGET_NAME)";
				SWIFT_VERSION = 4.0;
				TARGETED_DEVICE_FAMILY = "1,2";
			};
			name = Release;
		};
		9A4E5ABC1F663B1E0084812C /* Debug */ = {
			isa = XCBuildConfiguration;
			buildSettings = {
				BUNDLE_LOADER = "$(TEST_HOST)";
				DEVELOPMENT_TEAM = J3BJ7G2PUN;
				INFOPLIST_FILE = "Swift-FFDBTests/Info.plist";
				LD_RUNPATH_SEARCH_PATHS = "$(inherited) @executable_path/Frameworks @loader_path/Frameworks";
				PRODUCT_BUNDLE_IDENTIFIER = "com.Fidetro.Swift-FFDBTests";
				PRODUCT_NAME = "$(TARGET_NAME)";
				SWIFT_VERSION = 4.0;
				TARGETED_DEVICE_FAMILY = "1,2";
				TEST_HOST = "$(BUILT_PRODUCTS_DIR)/Swift-FFDB.app/Swift-FFDB";
			};
			name = Debug;
		};
		9A4E5ABD1F663B1E0084812C /* Release */ = {
			isa = XCBuildConfiguration;
			buildSettings = {
				BUNDLE_LOADER = "$(TEST_HOST)";
				DEVELOPMENT_TEAM = J3BJ7G2PUN;
				INFOPLIST_FILE = "Swift-FFDBTests/Info.plist";
				LD_RUNPATH_SEARCH_PATHS = "$(inherited) @executable_path/Frameworks @loader_path/Frameworks";
				PRODUCT_BUNDLE_IDENTIFIER = "com.Fidetro.Swift-FFDBTests";
				PRODUCT_NAME = "$(TARGET_NAME)";
				SWIFT_VERSION = 4.0;
				TARGETED_DEVICE_FAMILY = "1,2";
				TEST_HOST = "$(BUILT_PRODUCTS_DIR)/Swift-FFDB.app/Swift-FFDB";
			};
			name = Release;
		};
/* End XCBuildConfiguration section */

/* Begin XCConfigurationList section */
		9A3516241F491C8600571621 /* Build configuration list for PBXProject "Swift-FFDB" */ = {
			isa = XCConfigurationList;
			buildConfigurations = (
				9A3516391F491C8600571621 /* Debug */,
				9A35163A1F491C8600571621 /* Release */,
			);
			defaultConfigurationIsVisible = 0;
			defaultConfigurationName = Release;
		};
		9A35163B1F491C8600571621 /* Build configuration list for PBXNativeTarget "Swift-FFDB" */ = {
			isa = XCConfigurationList;
			buildConfigurations = (
				9A35163C1F491C8600571621 /* Debug */,
				9A35163D1F491C8600571621 /* Release */,
			);
			defaultConfigurationIsVisible = 0;
			defaultConfigurationName = Release;
		};
		9A4E5ABB1F663B1E0084812C /* Build configuration list for PBXNativeTarget "Swift-FFDBTests" */ = {
			isa = XCConfigurationList;
			buildConfigurations = (
				9A4E5ABC1F663B1E0084812C /* Debug */,
				9A4E5ABD1F663B1E0084812C /* Release */,
			);
			defaultConfigurationIsVisible = 0;
			defaultConfigurationName = Release;
		};
/* End XCConfigurationList section */
	};
	rootObject = 9A3516211F491C8600571621 /* Project object */;
}
