// !$*UTF8*$!
{
	archiveVersion = 1;
	classes = {
	};
	objectVersion = 48;
	objects = {

/* Begin PBXBuildFile section */
		9A35162D1F491C8600571621 /* AppDelegate.swift in Sources */ = {isa = PBXBuildFile; fileRef = 9A35162C1F491C8600571621 /* AppDelegate.swift */; };
		9A35162F1F491C8600571621 /* ViewController.swift in Sources */ = {isa = PBXBuildFile; fileRef = 9A35162E1F491C8600571621 /* ViewController.swift */; };
		9A3516341F491C8600571621 /* Assets.xcassets in Resources */ = {isa = PBXBuildFile; fileRef = 9A3516331F491C8600571621 /* Assets.xcassets */; };
		9A3516371F491C8600571621 /* LaunchScreen.storyboard in Resources */ = {isa = PBXBuildFile; fileRef = 9A3516351F491C8600571621 /* LaunchScreen.storyboard */; };
		9A4E5AB71F663B1E0084812C /* Swift_FFDBTests.swift in Sources */ = {isa = PBXBuildFile; fileRef = 9A4E5AB61F663B1E0084812C /* Swift_FFDBTests.swift */; };
		9A4E5ABF1F663B300084812C /* InsertTest.swift in Sources */ = {isa = PBXBuildFile; fileRef = 9A4E5ABE1F663B300084812C /* InsertTest.swift */; };
		9A5056D21F9C317F0071DAF2 /* Alter.swift in Sources */ = {isa = PBXBuildFile; fileRef = 9A5056C61F9C317F0071DAF2 /* Alter.swift */; };
		9A5056D31F9C317F0071DAF2 /* Create.swift in Sources */ = {isa = PBXBuildFile; fileRef = 9A5056C71F9C317F0071DAF2 /* Create.swift */; };
		9A5056D41F9C317F0071DAF2 /* Delete.swift in Sources */ = {isa = PBXBuildFile; fileRef = 9A5056C81F9C317F0071DAF2 /* Delete.swift */; };
		9A5056D51F9C317F0071DAF2 /* FFDB+Extension.swift in Sources */ = {isa = PBXBuildFile; fileRef = 9A5056C91F9C317F0071DAF2 /* FFDB+Extension.swift */; };
		9A5056D61F9C317F0071DAF2 /* FFDB.swift in Sources */ = {isa = PBXBuildFile; fileRef = 9A5056CA1F9C317F0071DAF2 /* FFDB.swift */; };
		9A5056D81F9C317F0071DAF2 /* FFDBManager.swift in Sources */ = {isa = PBXBuildFile; fileRef = 9A5056CC1F9C317F0071DAF2 /* FFDBManager.swift */; };
		9A5056D91F9C317F0071DAF2 /* FMDBConnect.swift in Sources */ = {isa = PBXBuildFile; fileRef = 9A5056CD1F9C317F0071DAF2 /* FMDBConnect.swift */; };
		9A5056DA1F9C317F0071DAF2 /* Insert.swift in Sources */ = {isa = PBXBuildFile; fileRef = 9A5056CE1F9C317F0071DAF2 /* Insert.swift */; };
		9A5056DC1F9C317F0071DAF2 /* Select.swift in Sources */ = {isa = PBXBuildFile; fileRef = 9A5056D01F9C317F0071DAF2 /* Select.swift */; };
		9A5056DD1F9C317F0071DAF2 /* Update.swift in Sources */ = {isa = PBXBuildFile; fileRef = 9A5056D11F9C317F0071DAF2 /* Update.swift */; };
		9A6031D61FDE2F2D0085A5BB /* FFDBSafeOperation.swift in Sources */ = {isa = PBXBuildFile; fileRef = 9A6031D51FDE2F2D0085A5BB /* FFDBSafeOperation.swift */; };
		9A6031DB1FDF64380085A5BB /* FFDBTransaction.swift in Sources */ = {isa = PBXBuildFile; fileRef = 9A6031DA1FDF64380085A5BB /* FFDBTransaction.swift */; };
		9AAB28011F760B8A0043DCA7 /* FFDBManagerTest.swift in Sources */ = {isa = PBXBuildFile; fileRef = 9AAB28001F760B8A0043DCA7 /* FFDBManagerTest.swift */; };
		9AAB28061F760D4D0043DCA7 /* TestStoreModel.swift in Sources */ = {isa = PBXBuildFile; fileRef = 9AAB28051F760D4D0043DCA7 /* TestStoreModel.swift */; };
		9AAB280A1F7648750043DCA7 /* UpdateTest.swift in Sources */ = {isa = PBXBuildFile; fileRef = 9AAB28091F7648740043DCA7 /* UpdateTest.swift */; };
		9AD614551F906DE8009DB6FA /* DeleteTest.swift in Sources */ = {isa = PBXBuildFile; fileRef = 9AD614541F906DE8009DB6FA /* DeleteTest.swift */; };
		9AD6145B1F9096BB009DB6FA /* SelectTest.swift in Sources */ = {isa = PBXBuildFile; fileRef = 9AD6145A1F9096BB009DB6FA /* SelectTest.swift */; };
		9ADA707D1FC28ACD008B58B0 /* CustomCollectionViewLayout.swift in Sources */ = {isa = PBXBuildFile; fileRef = 9ADA706E1FC28ACD008B58B0 /* CustomCollectionViewLayout.swift */; };
		9ADA70801FC28ACD008B58B0 /* ContentCollectionViewCell.xib in Resources */ = {isa = PBXBuildFile; fileRef = 9ADA70711FC28ACD008B58B0 /* ContentCollectionViewCell.xib */; };
		9ADA70831FC28ACD008B58B0 /* TableDetailViewController.swift in Sources */ = {isa = PBXBuildFile; fileRef = 9ADA70761FC28ACD008B58B0 /* TableDetailViewController.swift */; };
		9ADA70841FC28ACD008B58B0 /* TableListTableViewCell.swift in Sources */ = {isa = PBXBuildFile; fileRef = 9ADA70771FC28ACD008B58B0 /* TableListTableViewCell.swift */; };
		9ADA70851FC28ACD008B58B0 /* ContentCollectionViewCell.swift in Sources */ = {isa = PBXBuildFile; fileRef = 9ADA70781FC28ACD008B58B0 /* ContentCollectionViewCell.swift */; };
		9ADA70871FC28ACD008B58B0 /* TableListViewController.swift in Sources */ = {isa = PBXBuildFile; fileRef = 9ADA707A1FC28ACD008B58B0 /* TableListViewController.swift */; };
		9ADA70891FC28ACD008B58B0 /* TableModel.swift in Sources */ = {isa = PBXBuildFile; fileRef = 9ADA707C1FC28ACD008B58B0 /* TableModel.swift */; };
		9ADA708B1FC28B42008B58B0 /* Main.storyboard in Resources */ = {isa = PBXBuildFile; fileRef = 9ADA708A1FC28B42008B58B0 /* Main.storyboard */; };
		D1B82F9DE3DF724B7D5E3E80 /* Pods_Swift_FFDB.framework in Frameworks */ = {isa = PBXBuildFile; fileRef = B6CC94E611D8BFA62D7DEC66 /* Pods_Swift_FFDB.framework */; };
/* End PBXBuildFile section */

/* Begin PBXContainerItemProxy section */
		9A4E5AB91F663B1E0084812C /* PBXContainerItemProxy */ = {
			isa = PBXContainerItemProxy;
			containerPortal = 9A3516211F491C8600571621 /* Project object */;
			proxyType = 1;
			remoteGlobalIDString = 9A3516281F491C8600571621;
			remoteInfo = "Swift-FFDB";
		};
/* End PBXContainerItemProxy section */

/* Begin PBXCopyFilesBuildPhase section */
		9AA1AE7C1F96F0600005946C /* Embed Frameworks */ = {
			isa = PBXCopyFilesBuildPhase;
			buildActionMask = 2147483647;
			dstPath = "";
			dstSubfolderSpec = 10;
			files = (
			);
			name = "Embed Frameworks";
			runOnlyForDeploymentPostprocessing = 0;
		};
/* End PBXCopyFilesBuildPhase section */

/* Begin PBXFileReference section */
		078F04E326FFF12E9A37FAA4 /* Pods-Swift-FFDB.release.xcconfig */ = {isa = PBXFileReference; includeInIndex = 1; lastKnownFileType = text.xcconfig; name = "Pods-Swift-FFDB.release.xcconfig"; path = "Pods/Target Support Files/Pods-Swift-FFDB/Pods-Swift-FFDB.release.xcconfig"; sourceTree = "<group>"; };
		29E42EB5C8B1C25D12BE6F5D /* Pods-Swift-FFDB.debug.xcconfig */ = {isa = PBXFileReference; includeInIndex = 1; lastKnownFileType = text.xcconfig; name = "Pods-Swift-FFDB.debug.xcconfig"; path = "Pods/Target Support Files/Pods-Swift-FFDB/Pods-Swift-FFDB.debug.xcconfig"; sourceTree = "<group>"; };
		3E23C1B543AAC50123BAF7BB /* Pods-SwiftFFDB.release.xcconfig */ = {isa = PBXFileReference; includeInIndex = 1; lastKnownFileType = text.xcconfig; name = "Pods-SwiftFFDB.release.xcconfig"; path = "Pods/Target Support Files/Pods-SwiftFFDB/Pods-SwiftFFDB.release.xcconfig"; sourceTree = "<group>"; };
		3F1A743F2F3BC30D2060E25C /* Pods_SwiftFFDB.framework */ = {isa = PBXFileReference; explicitFileType = wrapper.framework; includeInIndex = 0; path = Pods_SwiftFFDB.framework; sourceTree = BUILT_PRODUCTS_DIR; };
		9A3516291F491C8600571621 /* Swift-FFDB.app */ = {isa = PBXFileReference; explicitFileType = wrapper.application; includeInIndex = 0; path = "Swift-FFDB.app"; sourceTree = BUILT_PRODUCTS_DIR; };
		9A35162C1F491C8600571621 /* AppDelegate.swift */ = {isa = PBXFileReference; lastKnownFileType = sourcecode.swift; path = AppDelegate.swift; sourceTree = "<group>"; };
		9A35162E1F491C8600571621 /* ViewController.swift */ = {isa = PBXFileReference; lastKnownFileType = sourcecode.swift; path = ViewController.swift; sourceTree = "<group>"; };
		9A3516331F491C8600571621 /* Assets.xcassets */ = {isa = PBXFileReference; lastKnownFileType = folder.assetcatalog; path = Assets.xcassets; sourceTree = "<group>"; };
		9A3516361F491C8600571621 /* Base */ = {isa = PBXFileReference; lastKnownFileType = file.storyboard; name = Base; path = Base.lproj/LaunchScreen.storyboard; sourceTree = "<group>"; };
		9A3516381F491C8600571621 /* Info.plist */ = {isa = PBXFileReference; lastKnownFileType = text.plist.xml; path = Info.plist; sourceTree = "<group>"; };
		9A4E5AAF1F663AEC0084812C /* XCTest.framework */ = {isa = PBXFileReference; lastKnownFileType = wrapper.framework; name = XCTest.framework; path = Platforms/iPhoneOS.platform/Developer/Library/Frameworks/XCTest.framework; sourceTree = DEVELOPER_DIR; };
		9A4E5AB41F663B1E0084812C /* Swift-FFDBTests.xctest */ = {isa = PBXFileReference; explicitFileType = wrapper.cfbundle; includeInIndex = 0; path = "Swift-FFDBTests.xctest"; sourceTree = BUILT_PRODUCTS_DIR; };
		9A4E5AB61F663B1E0084812C /* Swift_FFDBTests.swift */ = {isa = PBXFileReference; lastKnownFileType = sourcecode.swift; path = Swift_FFDBTests.swift; sourceTree = "<group>"; };
		9A4E5AB81F663B1E0084812C /* Info.plist */ = {isa = PBXFileReference; lastKnownFileType = text.plist.xml; path = Info.plist; sourceTree = "<group>"; };
		9A4E5ABE1F663B300084812C /* InsertTest.swift */ = {isa = PBXFileReference; lastKnownFileType = sourcecode.swift; path = InsertTest.swift; sourceTree = "<group>"; };
		9A5056C61F9C317F0071DAF2 /* Alter.swift */ = {isa = PBXFileReference; fileEncoding = 4; lastKnownFileType = sourcecode.swift; path = Alter.swift; sourceTree = "<group>"; };
		9A5056C71F9C317F0071DAF2 /* Create.swift */ = {isa = PBXFileReference; fileEncoding = 4; lastKnownFileType = sourcecode.swift; path = Create.swift; sourceTree = "<group>"; };
		9A5056C81F9C317F0071DAF2 /* Delete.swift */ = {isa = PBXFileReference; fileEncoding = 4; lastKnownFileType = sourcecode.swift; path = Delete.swift; sourceTree = "<group>"; };
		9A5056C91F9C317F0071DAF2 /* FFDB+Extension.swift */ = {isa = PBXFileReference; fileEncoding = 4; lastKnownFileType = sourcecode.swift; path = "FFDB+Extension.swift"; sourceTree = "<group>"; };
		9A5056CA1F9C317F0071DAF2 /* FFDB.swift */ = {isa = PBXFileReference; fileEncoding = 4; lastKnownFileType = sourcecode.swift; path = FFDB.swift; sourceTree = "<group>"; };
		9A5056CC1F9C317F0071DAF2 /* FFDBManager.swift */ = {isa = PBXFileReference; fileEncoding = 4; lastKnownFileType = sourcecode.swift; path = FFDBManager.swift; sourceTree = "<group>"; };
		9A5056CD1F9C317F0071DAF2 /* FMDBConnect.swift */ = {isa = PBXFileReference; fileEncoding = 4; lastKnownFileType = sourcecode.swift; path = FMDBConnect.swift; sourceTree = "<group>"; };
		9A5056CE1F9C317F0071DAF2 /* Insert.swift */ = {isa = PBXFileReference; fileEncoding = 4; lastKnownFileType = sourcecode.swift; path = Insert.swift; sourceTree = "<group>"; };
		9A5056D01F9C317F0071DAF2 /* Select.swift */ = {isa = PBXFileReference; fileEncoding = 4; lastKnownFileType = sourcecode.swift; path = Select.swift; sourceTree = "<group>"; };
		9A5056D11F9C317F0071DAF2 /* Update.swift */ = {isa = PBXFileReference; fileEncoding = 4; lastKnownFileType = sourcecode.swift; path = Update.swift; sourceTree = "<group>"; };
		9A6031D51FDE2F2D0085A5BB /* FFDBSafeOperation.swift */ = {isa = PBXFileReference; lastKnownFileType = sourcecode.swift; path = FFDBSafeOperation.swift; sourceTree = "<group>"; };
		9A6031DA1FDF64380085A5BB /* FFDBTransaction.swift */ = {isa = PBXFileReference; lastKnownFileType = sourcecode.swift; path = FFDBTransaction.swift; sourceTree = "<group>"; };
		9AAB28001F760B8A0043DCA7 /* FFDBManagerTest.swift */ = {isa = PBXFileReference; lastKnownFileType = sourcecode.swift; path = FFDBManagerTest.swift; sourceTree = "<group>"; };
		9AAB28051F760D4D0043DCA7 /* TestStoreModel.swift */ = {isa = PBXFileReference; lastKnownFileType = sourcecode.swift; path = TestStoreModel.swift; sourceTree = "<group>"; };
		9AAB28091F7648740043DCA7 /* UpdateTest.swift */ = {isa = PBXFileReference; lastKnownFileType = sourcecode.swift; path = UpdateTest.swift; sourceTree = "<group>"; };
		9AD614541F906DE8009DB6FA /* DeleteTest.swift */ = {isa = PBXFileReference; lastKnownFileType = sourcecode.swift; path = DeleteTest.swift; sourceTree = "<group>"; };
		9AD6145A1F9096BB009DB6FA /* SelectTest.swift */ = {isa = PBXFileReference; lastKnownFileType = sourcecode.swift; path = SelectTest.swift; sourceTree = "<group>"; };
		9ADA706E1FC28ACD008B58B0 /* CustomCollectionViewLayout.swift */ = {isa = PBXFileReference; fileEncoding = 4; lastKnownFileType = sourcecode.swift; path = CustomCollectionViewLayout.swift; sourceTree = "<group>"; };
		9ADA70711FC28ACD008B58B0 /* ContentCollectionViewCell.xib */ = {isa = PBXFileReference; fileEncoding = 4; lastKnownFileType = file.xib; path = ContentCollectionViewCell.xib; sourceTree = "<group>"; };
		9ADA70761FC28ACD008B58B0 /* TableDetailViewController.swift */ = {isa = PBXFileReference; fileEncoding = 4; lastKnownFileType = sourcecode.swift; path = TableDetailViewController.swift; sourceTree = "<group>"; };
		9ADA70771FC28ACD008B58B0 /* TableListTableViewCell.swift */ = {isa = PBXFileReference; fileEncoding = 4; lastKnownFileType = sourcecode.swift; path = TableListTableViewCell.swift; sourceTree = "<group>"; };
		9ADA70781FC28ACD008B58B0 /* ContentCollectionViewCell.swift */ = {isa = PBXFileReference; fileEncoding = 4; lastKnownFileType = sourcecode.swift; path = ContentCollectionViewCell.swift; sourceTree = "<group>"; };
		9ADA707A1FC28ACD008B58B0 /* TableListViewController.swift */ = {isa = PBXFileReference; fileEncoding = 4; lastKnownFileType = sourcecode.swift; path = TableListViewController.swift; sourceTree = "<group>"; };
		9ADA707C1FC28ACD008B58B0 /* TableModel.swift */ = {isa = PBXFileReference; fileEncoding = 4; lastKnownFileType = sourcecode.swift; path = TableModel.swift; sourceTree = "<group>"; };
		9ADA708A1FC28B42008B58B0 /* Main.storyboard */ = {isa = PBXFileReference; fileEncoding = 4; lastKnownFileType = file.storyboard; path = Main.storyboard; sourceTree = "<group>"; };
		B6CC94E611D8BFA62D7DEC66 /* Pods_Swift_FFDB.framework */ = {isa = PBXFileReference; explicitFileType = wrapper.framework; includeInIndex = 0; path = Pods_Swift_FFDB.framework; sourceTree = BUILT_PRODUCTS_DIR; };
		E4224232E6F75B829F6DB32E /* Pods-SwiftFFDB.debug.xcconfig */ = {isa = PBXFileReference; includeInIndex = 1; lastKnownFileType = text.xcconfig; name = "Pods-SwiftFFDB.debug.xcconfig"; path = "Pods/Target Support Files/Pods-SwiftFFDB/Pods-SwiftFFDB.debug.xcconfig"; sourceTree = "<group>"; };
/* End PBXFileReference section */

/* Begin PBXFrameworksBuildPhase section */
		9A3516261F491C8600571621 /* Frameworks */ = {
			isa = PBXFrameworksBuildPhase;
			buildActionMask = 2147483647;
			files = (
				D1B82F9DE3DF724B7D5E3E80 /* Pods_Swift_FFDB.framework in Frameworks */,
			);
			runOnlyForDeploymentPostprocessing = 0;
		};
		9A4E5AB11F663B1E0084812C /* Frameworks */ = {
			isa = PBXFrameworksBuildPhase;
			buildActionMask = 2147483647;
			files = (
			);
			runOnlyForDeploymentPostprocessing = 0;
		};
/* End PBXFrameworksBuildPhase section */

/* Begin PBXGroup section */
		47101B3344DB584AC602DA1A /* Pods */ = {
			isa = PBXGroup;
			children = (
				29E42EB5C8B1C25D12BE6F5D /* Pods-Swift-FFDB.debug.xcconfig */,
				078F04E326FFF12E9A37FAA4 /* Pods-Swift-FFDB.release.xcconfig */,
				E4224232E6F75B829F6DB32E /* Pods-SwiftFFDB.debug.xcconfig */,
				3E23C1B543AAC50123BAF7BB /* Pods-SwiftFFDB.release.xcconfig */,
			);
			name = Pods;
			sourceTree = "<group>";
		};
		9A3516201F491C8600571621 = {
			isa = PBXGroup;
			children = (
				9A35162B1F491C8600571621 /* Swift-FFDB */,
				9A4E5AB51F663B1E0084812C /* Swift-FFDBTests */,
				9A35162A1F491C8600571621 /* Products */,
				9A4E5AAE1F663AEB0084812C /* Frameworks */,
				47101B3344DB584AC602DA1A /* Pods */,
			);
			sourceTree = "<group>";
		};
		9A35162A1F491C8600571621 /* Products */ = {
			isa = PBXGroup;
			children = (
				9A3516291F491C8600571621 /* Swift-FFDB.app */,
				9A4E5AB41F663B1E0084812C /* Swift-FFDBTests.xctest */,
			);
			name = Products;
			sourceTree = "<group>";
		};
		9A35162B1F491C8600571621 /* Swift-FFDB */ = {
			isa = PBXGroup;
			children = (
				9ADA706D1FC28ACD008B58B0 /* Example */,
				9A5056C51F9C317F0071DAF2 /* Sources */,
				9A3516381F491C8600571621 /* Info.plist */,
				9A35162C1F491C8600571621 /* AppDelegate.swift */,
				9A35162E1F491C8600571621 /* ViewController.swift */,
				9A3516331F491C8600571621 /* Assets.xcassets */,
				9A3516351F491C8600571621 /* LaunchScreen.storyboard */,
				9ADA708A1FC28B42008B58B0 /* Main.storyboard */,
			);
			path = "Swift-FFDB";
			sourceTree = "<group>";
		};
		9A4E5AAE1F663AEB0084812C /* Frameworks */ = {
			isa = PBXGroup;
			children = (
				9A4E5AAF1F663AEC0084812C /* XCTest.framework */,
				3F1A743F2F3BC30D2060E25C /* Pods_SwiftFFDB.framework */,
				B6CC94E611D8BFA62D7DEC66 /* Pods_Swift_FFDB.framework */,
			);
			name = Frameworks;
			sourceTree = "<group>";
		};
		9A4E5AB51F663B1E0084812C /* Swift-FFDBTests */ = {
			isa = PBXGroup;
			children = (
				9A4E5AB61F663B1E0084812C /* Swift_FFDBTests.swift */,
				9A4E5AB81F663B1E0084812C /* Info.plist */,
				9AD614541F906DE8009DB6FA /* DeleteTest.swift */,
				9A4E5ABE1F663B300084812C /* InsertTest.swift */,
				9AAB28091F7648740043DCA7 /* UpdateTest.swift */,
				9AD6145A1F9096BB009DB6FA /* SelectTest.swift */,
				9AAB28001F760B8A0043DCA7 /* FFDBManagerTest.swift */,
				9AAB28051F760D4D0043DCA7 /* TestStoreModel.swift */,
			);
			path = "Swift-FFDBTests";
			sourceTree = "<group>";
		};
		9A5056C51F9C317F0071DAF2 /* Sources */ = {
			isa = PBXGroup;
			children = (
				9A5056C61F9C317F0071DAF2 /* Alter.swift */,
				9A5056C71F9C317F0071DAF2 /* Create.swift */,
				9A5056C81F9C317F0071DAF2 /* Delete.swift */,
				9A5056C91F9C317F0071DAF2 /* FFDB+Extension.swift */,
				9A5056CA1F9C317F0071DAF2 /* FFDB.swift */,
				9A5056CC1F9C317F0071DAF2 /* FFDBManager.swift */,
				9A6031D51FDE2F2D0085A5BB /* FFDBSafeOperation.swift */,
				9A6031DA1FDF64380085A5BB /* FFDBTransaction.swift */,
				9A5056CD1F9C317F0071DAF2 /* FMDBConnect.swift */,
				9A5056CE1F9C317F0071DAF2 /* Insert.swift */,
				9A5056D01F9C317F0071DAF2 /* Select.swift */,
				9A5056D11F9C317F0071DAF2 /* Update.swift */,
			);
			path = Sources;
			sourceTree = SOURCE_ROOT;
		};
		9ADA706D1FC28ACD008B58B0 /* Example */ = {
			isa = PBXGroup;
			children = (
				9ADA706E1FC28ACD008B58B0 /* CustomCollectionViewLayout.swift */,
				9ADA70711FC28ACD008B58B0 /* ContentCollectionViewCell.xib */,
				9ADA70761FC28ACD008B58B0 /* TableDetailViewController.swift */,
				9ADA70771FC28ACD008B58B0 /* TableListTableViewCell.swift */,
				9ADA70781FC28ACD008B58B0 /* ContentCollectionViewCell.swift */,
				9ADA707A1FC28ACD008B58B0 /* TableListViewController.swift */,
				9ADA707C1FC28ACD008B58B0 /* TableModel.swift */,
			);
			path = Example;
			sourceTree = "<group>";
		};
/* End PBXGroup section */

/* Begin PBXNativeTarget section */
		9A3516281F491C8600571621 /* Swift-FFDB */ = {
			isa = PBXNativeTarget;
			buildConfigurationList = 9A35163B1F491C8600571621 /* Build configuration list for PBXNativeTarget "Swift-FFDB" */;
			buildPhases = (
				71144C43BEDE6BA337724CA5 /* [CP] Check Pods Manifest.lock */,
				9A3516251F491C8600571621 /* Sources */,
				9A3516261F491C8600571621 /* Frameworks */,
				9A3516271F491C8600571621 /* Resources */,
				CFB28CD1F51FACBAFC9C6565 /* [CP] Embed Pods Frameworks */,
				D5A08E7B582D905E66C5E7CB /* [CP] Copy Pods Resources */,
				9AA1AE7C1F96F0600005946C /* Embed Frameworks */,
			);
			buildRules = (
			);
			dependencies = (
			);
			name = "Swift-FFDB";
			productName = "Swift-FFDB";
			productReference = 9A3516291F491C8600571621 /* Swift-FFDB.app */;
			productType = "com.apple.product-type.application";
		};
		9A4E5AB31F663B1E0084812C /* Swift-FFDBTests */ = {
			isa = PBXNativeTarget;
			buildConfigurationList = 9A4E5ABB1F663B1E0084812C /* Build configuration list for PBXNativeTarget "Swift-FFDBTests" */;
			buildPhases = (
				9A4E5AB01F663B1E0084812C /* Sources */,
				9A4E5AB11F663B1E0084812C /* Frameworks */,
				9A4E5AB21F663B1E0084812C /* Resources */,
			);
			buildRules = (
			);
			dependencies = (
				9A4E5ABA1F663B1E0084812C /* PBXTargetDependency */,
			);
			name = "Swift-FFDBTests";
			productName = "Swift-FFDBTests";
			productReference = 9A4E5AB41F663B1E0084812C /* Swift-FFDBTests.xctest */;
			productType = "com.apple.product-type.bundle.unit-test";
		};
/* End PBXNativeTarget section */

/* Begin PBXProject section */
		9A3516211F491C8600571621 /* Project object */ = {
			isa = PBXProject;
			attributes = {
				LastSwiftUpdateCheck = 0900;
				LastUpgradeCheck = 0900;
				ORGANIZATIONNAME = Fidetro;
				TargetAttributes = {
					9A3516281F491C8600571621 = {
						CreatedOnToolsVersion = 9.0;
						SystemCapabilities = {
							com.apple.BackgroundModes = {
								enabled = 0;
							};
						};
					};
					9A4E5AB31F663B1E0084812C = {
						CreatedOnToolsVersion = 9.0;
						TestTargetID = 9A3516281F491C8600571621;
					};
				};
			};
			buildConfigurationList = 9A3516241F491C8600571621 /* Build configuration list for PBXProject "Swift-FFDB" */;
			compatibilityVersion = "Xcode 8.0";
			developmentRegion = en;
			hasScannedForEncodings = 0;
			knownRegions = (
				en,
				Base,
			);
			mainGroup = 9A3516201F491C8600571621;
			productRefGroup = 9A35162A1F491C8600571621 /* Products */;
			projectDirPath = "";
			projectRoot = "";
			targets = (
				9A3516281F491C8600571621 /* Swift-FFDB */,
				9A4E5AB31F663B1E0084812C /* Swift-FFDBTests */,
			);
		};
/* End PBXProject section */

/* Begin PBXResourcesBuildPhase section */
		9A3516271F491C8600571621 /* Resources */ = {
			isa = PBXResourcesBuildPhase;
			buildActionMask = 2147483647;
			files = (
				9A3516371F491C8600571621 /* LaunchScreen.storyboard in Resources */,
				9A3516341F491C8600571621 /* Assets.xcassets in Resources */,
				9ADA70801FC28ACD008B58B0 /* ContentCollectionViewCell.xib in Resources */,
				9ADA708B1FC28B42008B58B0 /* Main.storyboard in Resources */,
			);
			runOnlyForDeploymentPostprocessing = 0;
		};
		9A4E5AB21F663B1E0084812C /* Resources */ = {
			isa = PBXResourcesBuildPhase;
			buildActionMask = 2147483647;
			files = (
			);
			runOnlyForDeploymentPostprocessing = 0;
		};
/* End PBXResourcesBuildPhase section */

/* Begin PBXShellScriptBuildPhase section */
		71144C43BEDE6BA337724CA5 /* [CP] Check Pods Manifest.lock */ = {
			isa = PBXShellScriptBuildPhase;
			buildActionMask = 2147483647;
			files = (
			);
			inputPaths = (
				"${PODS_PODFILE_DIR_PATH}/Podfile.lock",
				"${PODS_ROOT}/Manifest.lock",
			);
			name = "[CP] Check Pods Manifest.lock";
			outputPaths = (
				"$(DERIVED_FILE_DIR)/Pods-Swift-FFDB-checkManifestLockResult.txt",
			);
			runOnlyForDeploymentPostprocessing = 0;
			shellPath = /bin/sh;
			shellScript = "diff \"${PODS_PODFILE_DIR_PATH}/Podfile.lock\" \"${PODS_ROOT}/Manifest.lock\" > /dev/null\nif [ $? != 0 ] ; then\n    # print error to STDERR\n    echo \"error: The sandbox is not in sync with the Podfile.lock. Run 'pod install' or update your CocoaPods installation.\" >&2\n    exit 1\nfi\n# This output is used by Xcode 'outputs' to avoid re-running this script phase.\necho \"SUCCESS\" > \"${SCRIPT_OUTPUT_FILE_0}\"\n";
			showEnvVarsInLog = 0;
		};
		CFB28CD1F51FACBAFC9C6565 /* [CP] Embed Pods Frameworks */ = {
			isa = PBXShellScriptBuildPhase;
			buildActionMask = 2147483647;
			files = (
			);
			inputPaths = (
				"${SRCROOT}/Pods/Target Support Files/Pods-Swift-FFDB/Pods-Swift-FFDB-frameworks.sh",
				"${BUILT_PRODUCTS_DIR}/FMDB/FMDB.framework",
			);
			name = "[CP] Embed Pods Frameworks";
			outputPaths = (
				"${TARGET_BUILD_DIR}/${FRAMEWORKS_FOLDER_PATH}/FMDB.framework",
			);
			runOnlyForDeploymentPostprocessing = 0;
			shellPath = /bin/sh;
			shellScript = "\"${SRCROOT}/Pods/Target Support Files/Pods-Swift-FFDB/Pods-Swift-FFDB-frameworks.sh\"\n";
			showEnvVarsInLog = 0;
		};
		D5A08E7B582D905E66C5E7CB /* [CP] Copy Pods Resources */ = {
			isa = PBXShellScriptBuildPhase;
			buildActionMask = 2147483647;
			files = (
			);
			inputPaths = (
			);
			name = "[CP] Copy Pods Resources";
			outputPaths = (
			);
			runOnlyForDeploymentPostprocessing = 0;
			shellPath = /bin/sh;
			shellScript = "\"${SRCROOT}/Pods/Target Support Files/Pods-Swift-FFDB/Pods-Swift-FFDB-resources.sh\"\n";
			showEnvVarsInLog = 0;
		};
/* End PBXShellScriptBuildPhase section */

/* Begin PBXSourcesBuildPhase section */
		9A3516251F491C8600571621 /* Sources */ = {
			isa = PBXSourcesBuildPhase;
			buildActionMask = 2147483647;
			files = (
				9ADA70871FC28ACD008B58B0 /* TableListViewController.swift in Sources */,
				9A6031DB1FDF64380085A5BB /* FFDBTransaction.swift in Sources */,
				9A5056D41F9C317F0071DAF2 /* Delete.swift in Sources */,
				9A5056DD1F9C317F0071DAF2 /* Update.swift in Sources */,
				9ADA70831FC28ACD008B58B0 /* TableDetailViewController.swift in Sources */,
				9A5056D21F9C317F0071DAF2 /* Alter.swift in Sources */,
				9A35162F1F491C8600571621 /* ViewController.swift in Sources */,
				9A5056DC1F9C317F0071DAF2 /* Select.swift in Sources */,
				9A6031D61FDE2F2D0085A5BB /* FFDBSafeOperation.swift in Sources */,
				9ADA70851FC28ACD008B58B0 /* ContentCollectionViewCell.swift in Sources */,
				9ADA707D1FC28ACD008B58B0 /* CustomCollectionViewLayout.swift in Sources */,
				9ADA70841FC28ACD008B58B0 /* TableListTableViewCell.swift in Sources */,
				9A35162D1F491C8600571621 /* AppDelegate.swift in Sources */,
				9A5056D61F9C317F0071DAF2 /* FFDB.swift in Sources */,
				9A5056D31F9C317F0071DAF2 /* Create.swift in Sources */,
				9A5056DA1F9C317F0071DAF2 /* Insert.swift in Sources */,
				9A5056D81F9C317F0071DAF2 /* FFDBManager.swift in Sources */,
				9A5056D51F9C317F0071DAF2 /* FFDB+Extension.swift in Sources */,
				9A5056D91F9C317F0071DAF2 /* FMDBConnect.swift in Sources */,
				9ADA70891FC28ACD008B58B0 /* TableModel.swift in Sources */,
			);
			runOnlyForDeploymentPostprocessing = 0;
		};
		9A4E5AB01F663B1E0084812C /* Sources */ = {
			isa = PBXSourcesBuildPhase;
			buildActionMask = 2147483647;
			files = (
				9AAB28061F760D4D0043DCA7 /* TestStoreModel.swift in Sources */,
				9AAB28011F760B8A0043DCA7 /* FFDBManagerTest.swift in Sources */,
				9AAB280A1F7648750043DCA7 /* UpdateTest.swift in Sources */,
				9AD6145B1F9096BB009DB6FA /* SelectTest.swift in Sources */,
				9A4E5ABF1F663B300084812C /* InsertTest.swift in Sources */,
				9AD614551F906DE8009DB6FA /* DeleteTest.swift in Sources */,
				9A4E5AB71F663B1E0084812C /* Swift_FFDBTests.swift in Sources */,
			);
			runOnlyForDeploymentPostprocessing = 0;
		};
/* End PBXSourcesBuildPhase section */

/* Begin PBXTargetDependency section */
		9A4E5ABA1F663B1E0084812C /* PBXTargetDependency */ = {
			isa = PBXTargetDependency;
			target = 9A3516281F491C8600571621 /* Swift-FFDB */;
			targetProxy = 9A4E5AB91F663B1E0084812C /* PBXContainerItemProxy */;
		};
/* End PBXTargetDependency section */

/* Begin PBXVariantGroup section */
		9A3516351F491C8600571621 /* LaunchScreen.storyboard */ = {
			isa = PBXVariantGroup;
			children = (
				9A3516361F491C8600571621 /* Base */,
			);
			name = LaunchScreen.storyboard;
			sourceTree = "<group>";
		};
/* End PBXVariantGroup section */

/* Begin XCBuildConfiguration section */
		9A3516391F491C8600571621 /* Debug */ = {
			isa = XCBuildConfiguration;
			buildSettings = {
				ALWAYS_SEARCH_USER_PATHS = NO;
				CLANG_ALLOW_NON_MODULAR_INCLUDES_IN_FRAMEWORK_MODULES = YES;
				CLANG_ANALYZER_NONNULL = YES;
				CLANG_ANALYZER_NUMBER_OBJECT_CONVERSION = YES_AGGRESSIVE;
				CLANG_CXX_LANGUAGE_STANDARD = "gnu++14";
				CLANG_CXX_LIBRARY = "libc++";
				CLANG_ENABLE_MODULES = YES;
				CLANG_ENABLE_OBJC_ARC = YES;
				CLANG_WARN_BLOCK_CAPTURE_AUTORELEASING = YES;
				CLANG_WARN_BOOL_CONVERSION = YES;
				CLANG_WARN_COMMA = YES;
				CLANG_WARN_CONSTANT_CONVERSION = YES;
				CLANG_WARN_DIRECT_OBJC_ISA_USAGE = YES_ERROR;
				CLANG_WARN_DOCUMENTATION_COMMENTS = YES;
				CLANG_WARN_EMPTY_BODY = YES;
				CLANG_WARN_ENUM_CONVERSION = YES;
				CLANG_WARN_INFINITE_RECURSION = YES;
				CLANG_WARN_INT_CONVERSION = YES;
				CLANG_WARN_OBJC_ROOT_CLASS = YES_ERROR;
				CLANG_WARN_RANGE_LOOP_ANALYSIS = YES;
				CLANG_WARN_STRICT_PROTOTYPES = YES;
				CLANG_WARN_SUSPICIOUS_MOVE = YES;
				CLANG_WARN_UNGUARDED_AVAILABILITY = YES_AGGRESSIVE;
				CLANG_WARN_UNREACHABLE_CODE = YES;
				CLANG_WARN__DUPLICATE_METHOD_MATCH = YES;
				CODE_SIGN_IDENTITY = "iPhone Developer";
				COPY_PHASE_STRIP = NO;
				DEBUG_INFORMATION_FORMAT = dwarf;
				ENABLE_STRICT_OBJC_MSGSEND = YES;
				ENABLE_TESTABILITY = YES;
				GCC_C_LANGUAGE_STANDARD = gnu11;
				GCC_DYNAMIC_NO_PIC = NO;
				GCC_NO_COMMON_BLOCKS = YES;
				GCC_OPTIMIZATION_LEVEL = 0;
				GCC_PREPROCESSOR_DEFINITIONS = (
					"DEBUG=1",
					"$(inherited)",
				);
				GCC_WARN_64_TO_32_BIT_CONVERSION = YES;
				GCC_WARN_ABOUT_RETURN_TYPE = YES_ERROR;
				GCC_WARN_UNDECLARED_SELECTOR = YES;
				GCC_WARN_UNINITIALIZED_AUTOS = YES_AGGRESSIVE;
				GCC_WARN_UNUSED_FUNCTION = YES;
				GCC_WARN_UNUSED_VARIABLE = YES;
				IPHONEOS_DEPLOYMENT_TARGET = 11.0;
				MTL_ENABLE_DEBUG_INFO = YES;
				ONLY_ACTIVE_ARCH = YES;
				SDKROOT = iphoneos;
				SWIFT_ACTIVE_COMPILATION_CONDITIONS = DEBUG;
				SWIFT_OPTIMIZATION_LEVEL = "-Onone";
			};
			name = Debug;
		};
		9A35163A1F491C8600571621 /* Release */ = {
			isa = XCBuildConfiguration;
			buildSettings = {
				ALWAYS_SEARCH_USER_PATHS = NO;
				CLANG_ALLOW_NON_MODULAR_INCLUDES_IN_FRAMEWORK_MODULES = YES;
				CLANG_ANALYZER_NONNULL = YES;
				CLANG_ANALYZER_NUMBER_OBJECT_CONVERSION = YES_AGGRESSIVE;
				CLANG_CXX_LANGUAGE_STANDARD = "gnu++14";
				CLANG_CXX_LIBRARY = "libc++";
				CLANG_ENABLE_MODULES = YES;
				CLANG_ENABLE_OBJC_ARC = YES;
				CLANG_WARN_BLOCK_CAPTURE_AUTORELEASING = YES;
				CLANG_WARN_BOOL_CONVERSION = YES;
				CLANG_WARN_COMMA = YES;
				CLANG_WARN_CONSTANT_CONVERSION = YES;
				CLANG_WARN_DIRECT_OBJC_ISA_USAGE = YES_ERROR;
				CLANG_WARN_DOCUMENTATION_COMMENTS = YES;
				CLANG_WARN_EMPTY_BODY = YES;
				CLANG_WARN_ENUM_CONVERSION = YES;
				CLANG_WARN_INFINITE_RECURSION = YES;
				CLANG_WARN_INT_CONVERSION = YES;
				CLANG_WARN_OBJC_ROOT_CLASS = YES_ERROR;
				CLANG_WARN_RANGE_LOOP_ANALYSIS = YES;
				CLANG_WARN_STRICT_PROTOTYPES = YES;
				CLANG_WARN_SUSPICIOUS_MOVE = YES;
				CLANG_WARN_UNGUARDED_AVAILABILITY = YES_AGGRESSIVE;
				CLANG_WARN_UNREACHABLE_CODE = YES;
				CLANG_WARN__DUPLICATE_METHOD_MATCH = YES;
				CODE_SIGN_IDENTITY = "iPhone Developer";
				COPY_PHASE_STRIP = NO;
				DEBUG_INFORMATION_FORMAT = "dwarf-with-dsym";
				ENABLE_NS_ASSERTIONS = NO;
				ENABLE_STRICT_OBJC_MSGSEND = YES;
				GCC_C_LANGUAGE_STANDARD = gnu11;
				GCC_NO_COMMON_BLOCKS = YES;
				GCC_WARN_64_TO_32_BIT_CONVERSION = YES;
				GCC_WARN_ABOUT_RETURN_TYPE = YES_ERROR;
				GCC_WARN_UNDECLARED_SELECTOR = YES;
				GCC_WARN_UNINITIALIZED_AUTOS = YES_AGGRESSIVE;
				GCC_WARN_UNUSED_FUNCTION = YES;
				GCC_WARN_UNUSED_VARIABLE = YES;
				IPHONEOS_DEPLOYMENT_TARGET = 11.0;
				MTL_ENABLE_DEBUG_INFO = NO;
				SDKROOT = iphoneos;
				SWIFT_OPTIMIZATION_LEVEL = "-Owholemodule";
				VALIDATE_PRODUCT = YES;
			};
			name = Release;
		};
		9A35163C1F491C8600571621 /* Debug */ = {
			isa = XCBuildConfiguration;
			baseConfigurationReference = 29E42EB5C8B1C25D12BE6F5D /* Pods-Swift-FFDB.debug.xcconfig */;
			buildSettings = {
				ALWAYS_EMBED_SWIFT_STANDARD_LIBRARIES = YES;
				ASSETCATALOG_COMPILER_APPICON_NAME = AppIcon;
				DEVELOPMENT_TEAM = J3BJ7G2PUN;
				FRAMEWORK_SEARCH_PATHS = (
					"$(inherited)",
					"$(PROJECT_DIR)",
				);
				INFOPLIST_FILE = "Swift-FFDB/Info.plist";
				IPHONEOS_DEPLOYMENT_TARGET = 8.0;
				LD_RUNPATH_SEARCH_PATHS = "$(inherited) @executable_path/Frameworks";
				PRODUCT_BUNDLE_IDENTIFIER = "com.Fidetro.Swift-FFDB";
				PRODUCT_NAME = "$(TARGET_NAME)";
				SWIFT_VERSION = 4.0;
				TARGETED_DEVICE_FAMILY = "1,2";
			};
			name = Debug;
		};
		9A35163D1F491C8600571621 /* Release */ = {
			isa = XCBuildConfiguration;
			baseConfigurationReference = 078F04E326FFF12E9A37FAA4 /* Pods-Swift-FFDB.release.xcconfig */;
			buildSettings = {
				ALWAYS_EMBED_SWIFT_STANDARD_LIBRARIES = YES;
				ASSETCATALOG_COMPILER_APPICON_NAME = AppIcon;
				DEVELOPMENT_TEAM = J3BJ7G2PUN;
				FRAMEWORK_SEARCH_PATHS = (
					"$(inherited)",
					"$(PROJECT_DIR)",
				);
				INFOPLIST_FILE = "Swift-FFDB/Info.plist";
				IPHONEOS_DEPLOYMENT_TARGET = 8.0;
				LD_RUNPATH_SEARCH_PATHS = "$(inherited) @executable_path/Frameworks";
				PRODUCT_BUNDLE_IDENTIFIER = "com.Fidetro.Swift-FFDB";
				PRODUCT_NAME = "$(TARGET_NAME)";
				SWIFT_VERSION = 4.0;
				TARGETED_DEVICE_FAMILY = "1,2";
			};
			name = Release;
		};
		9A4E5ABC1F663B1E0084812C /* Debug */ = {
			isa = XCBuildConfiguration;
			buildSettings = {
				BUNDLE_LOADER = "$(TEST_HOST)";
				DEVELOPMENT_TEAM = J3BJ7G2PUN;
				INFOPLIST_FILE = "Swift-FFDBTests/Info.plist";
				LD_RUNPATH_SEARCH_PATHS = "$(inherited) @executable_path/Frameworks @loader_path/Frameworks";
				PRODUCT_BUNDLE_IDENTIFIER = "com.Fidetro.Swift-FFDBTests";
				PRODUCT_NAME = "$(TARGET_NAME)";
				SWIFT_VERSION = 4.0;
				TARGETED_DEVICE_FAMILY = "1,2";
				TEST_HOST = "$(BUILT_PRODUCTS_DIR)/Swift-FFDB.app/Swift-FFDB";
			};
			name = Debug;
		};
		9A4E5ABD1F663B1E0084812C /* Release */ = {
			isa = XCBuildConfiguration;
			buildSettings = {
				BUNDLE_LOADER = "$(TEST_HOST)";
				DEVELOPMENT_TEAM = J3BJ7G2PUN;
				INFOPLIST_FILE = "Swift-FFDBTests/Info.plist";
				LD_RUNPATH_SEARCH_PATHS = "$(inherited) @executable_path/Frameworks @loader_path/Frameworks";
				PRODUCT_BUNDLE_IDENTIFIER = "com.Fidetro.Swift-FFDBTests";
				PRODUCT_NAME = "$(TARGET_NAME)";
				SWIFT_VERSION = 4.0;
				TARGETED_DEVICE_FAMILY = "1,2";
				TEST_HOST = "$(BUILT_PRODUCTS_DIR)/Swift-FFDB.app/Swift-FFDB";
			};
			name = Release;
		};
/* End XCBuildConfiguration section */

/* Begin XCConfigurationList section */
		9A3516241F491C8600571621 /* Build configuration list for PBXProject "Swift-FFDB" */ = {
			isa = XCConfigurationList;
			buildConfigurations = (
				9A3516391F491C8600571621 /* Debug */,
				9A35163A1F491C8600571621 /* Release */,
			);
			defaultConfigurationIsVisible = 0;
			defaultConfigurationName = Release;
		};
		9A35163B1F491C8600571621 /* Build configuration list for PBXNativeTarget "Swift-FFDB" */ = {
			isa = XCConfigurationList;
			buildConfigurations = (
				9A35163C1F491C8600571621 /* Debug */,
				9A35163D1F491C8600571621 /* Release */,
			);
			defaultConfigurationIsVisible = 0;
			defaultConfigurationName = Release;
		};
		9A4E5ABB1F663B1E0084812C /* Build configuration list for PBXNativeTarget "Swift-FFDBTests" */ = {
			isa = XCConfigurationList;
			buildConfigurations = (
				9A4E5ABC1F663B1E0084812C /* Debug */,
				9A4E5ABD1F663B1E0084812C /* Release */,
			);
			defaultConfigurationIsVisible = 0;
			defaultConfigurationName = Release;
		};
/* End XCConfigurationList section */
	};
	rootObject = 9A3516211F491C8600571621 /* Project object */;
}
