// !$*UTF8*$!
{
	archiveVersion = 1;
	classes = {
	};
	objectVersion = 48;
	objects = {

/* Begin PBXBuildFile section */
		3CA5CD926DB3C61B4B05BF78 /* Pods_Example.framework in Frameworks */ = {isa = PBXBuildFile; fileRef = 8CFB223F1A54C458089F8707 /* Pods_Example.framework */; };
		9AEEED971F99D61300037B4C /* AppDelegate.swift in Sources */ = {isa = PBXBuildFile; fileRef = 9AEEED961F99D61300037B4C /* AppDelegate.swift */; };
		9AEEED991F99D61300037B4C /* ViewController.swift in Sources */ = {isa = PBXBuildFile; fileRef = 9AEEED981F99D61300037B4C /* ViewController.swift */; };
		9AEEED9C1F99D61300037B4C /* Main.storyboard in Resources */ = {isa = PBXBuildFile; fileRef = 9AEEED9A1F99D61300037B4C /* Main.storyboard */; };
		9AEEED9E1F99D61300037B4C /* Assets.xcassets in Resources */ = {isa = PBXBuildFile; fileRef = 9AEEED9D1F99D61300037B4C /* Assets.xcassets */; };
		9AEEEDA11F99D61300037B4C /* LaunchScreen.storyboard in Resources */ = {isa = PBXBuildFile; fileRef = 9AEEED9F1F99D61300037B4C /* LaunchScreen.storyboard */; };
		9AEEEDAF1F99D6BF00037B4C /* TableListViewController.swift in Sources */ = {isa = PBXBuildFile; fileRef = 9AEEEDA81F99D6BE00037B4C /* TableListViewController.swift */; };
		9AEEEDB01F99D6BF00037B4C /* ContentCollectionViewCell.xib in Resources */ = {isa = PBXBuildFile; fileRef = 9AEEEDA91F99D6BE00037B4C /* ContentCollectionViewCell.xib */; };
		9AEEEDB11F99D6BF00037B4C /* TableDetailViewController.swift in Sources */ = {isa = PBXBuildFile; fileRef = 9AEEEDAA1F99D6BE00037B4C /* TableDetailViewController.swift */; };
		9AEEEDB21F99D6BF00037B4C /* TableModel.swift in Sources */ = {isa = PBXBuildFile; fileRef = 9AEEEDAB1F99D6BF00037B4C /* TableModel.swift */; };
		9AEEEDB31F99D6BF00037B4C /* ContentCollectionViewCell.swift in Sources */ = {isa = PBXBuildFile; fileRef = 9AEEEDAC1F99D6BF00037B4C /* ContentCollectionViewCell.swift */; };
		9AEEEDB41F99D6BF00037B4C /* TableListTableViewCell.swift in Sources */ = {isa = PBXBuildFile; fileRef = 9AEEEDAD1F99D6BF00037B4C /* TableListTableViewCell.swift */; };
		9AEEEDB51F99D6C000037B4C /* CustomCollectionViewLayout.swift in Sources */ = {isa = PBXBuildFile; fileRef = 9AEEEDAE1F99D6BF00037B4C /* CustomCollectionViewLayout.swift */; };
/* End PBXBuildFile section */

/* Begin PBXFileReference section */
		601E24FC7910BD5781589A1C /* Pods-Example.debug.xcconfig */ = {isa = PBXFileReference; includeInIndex = 1; lastKnownFileType = text.xcconfig; name = "Pods-Example.debug.xcconfig"; path = "Pods/Target Support Files/Pods-Example/Pods-Example.debug.xcconfig"; sourceTree = "<group>"; };
		8CFB223F1A54C458089F8707 /* Pods_Example.framework */ = {isa = PBXFileReference; explicitFileType = wrapper.framework; includeInIndex = 0; path = Pods_Example.framework; sourceTree = BUILT_PRODUCTS_DIR; };
		9AEEED931F99D61300037B4C /* Example.app */ = {isa = PBXFileReference; explicitFileType = wrapper.application; includeInIndex = 0; path = Example.app; sourceTree = BUILT_PRODUCTS_DIR; };
		9AEEED961F99D61300037B4C /* AppDelegate.swift */ = {isa = PBXFileReference; lastKnownFileType = sourcecode.swift; path = AppDelegate.swift; sourceTree = "<group>"; };
		9AEEED981F99D61300037B4C /* ViewController.swift */ = {isa = PBXFileReference; lastKnownFileType = sourcecode.swift; path = ViewController.swift; sourceTree = "<group>"; };
		9AEEED9B1F99D61300037B4C /* Base */ = {isa = PBXFileReference; lastKnownFileType = file.storyboard; name = Base; path = Base.lproj/Main.storyboard; sourceTree = "<group>"; };
		9AEEED9D1F99D61300037B4C /* Assets.xcassets */ = {isa = PBXFileReference; lastKnownFileType = folder.assetcatalog; path = Assets.xcassets; sourceTree = "<group>"; };
		9AEEEDA01F99D61300037B4C /* Base */ = {isa = PBXFileReference; lastKnownFileType = file.storyboard; name = Base; path = Base.lproj/LaunchScreen.storyboard; sourceTree = "<group>"; };
		9AEEEDA21F99D61300037B4C /* Info.plist */ = {isa = PBXFileReference; lastKnownFileType = text.plist.xml; path = Info.plist; sourceTree = "<group>"; };
		9AEEEDA81F99D6BE00037B4C /* TableListViewController.swift */ = {isa = PBXFileReference; fileEncoding = 4; lastKnownFileType = sourcecode.swift; path = TableListViewController.swift; sourceTree = "<group>"; };
		9AEEEDA91F99D6BE00037B4C /* ContentCollectionViewCell.xib */ = {isa = PBXFileReference; fileEncoding = 4; lastKnownFileType = file.xib; path = ContentCollectionViewCell.xib; sourceTree = "<group>"; };
		9AEEEDAA1F99D6BE00037B4C /* TableDetailViewController.swift */ = {isa = PBXFileReference; fileEncoding = 4; lastKnownFileType = sourcecode.swift; path = TableDetailViewController.swift; sourceTree = "<group>"; };
		9AEEEDAB1F99D6BF00037B4C /* TableModel.swift */ = {isa = PBXFileReference; fileEncoding = 4; lastKnownFileType = sourcecode.swift; path = TableModel.swift; sourceTree = "<group>"; };
		9AEEEDAC1F99D6BF00037B4C /* ContentCollectionViewCell.swift */ = {isa = PBXFileReference; fileEncoding = 4; lastKnownFileType = sourcecode.swift; path = ContentCollectionViewCell.swift; sourceTree = "<group>"; };
		9AEEEDAD1F99D6BF00037B4C /* TableListTableViewCell.swift */ = {isa = PBXFileReference; fileEncoding = 4; lastKnownFileType = sourcecode.swift; path = TableListTableViewCell.swift; sourceTree = "<group>"; };
		9AEEEDAE1F99D6BF00037B4C /* CustomCollectionViewLayout.swift */ = {isa = PBXFileReference; fileEncoding = 4; lastKnownFileType = sourcecode.swift; path = CustomCollectionViewLayout.swift; sourceTree = "<group>"; };
		CDEE7733EC56EEEC570C66FB /* Pods-Example.release.xcconfig */ = {isa = PBXFileReference; includeInIndex = 1; lastKnownFileType = text.xcconfig; name = "Pods-Example.release.xcconfig"; path = "Pods/Target Support Files/Pods-Example/Pods-Example.release.xcconfig"; sourceTree = "<group>"; };
/* End PBXFileReference section */

/* Begin PBXFrameworksBuildPhase section */
		9AEEED901F99D61300037B4C /* Frameworks */ = {
			isa = PBXFrameworksBuildPhase;
			buildActionMask = 2147483647;
			files = (
				3CA5CD926DB3C61B4B05BF78 /* Pods_Example.framework in Frameworks */,
			);
			runOnlyForDeploymentPostprocessing = 0;
		};
/* End PBXFrameworksBuildPhase section */

/* Begin PBXGroup section */
		31D76A9514E2FA65E9E55EFC /* Pods */ = {
			isa = PBXGroup;
			children = (
				601E24FC7910BD5781589A1C /* Pods-Example.debug.xcconfig */,
				CDEE7733EC56EEEC570C66FB /* Pods-Example.release.xcconfig */,
			);
			name = Pods;
			sourceTree = "<group>";
		};
		81730C3995166B916E4439A5 /* Frameworks */ = {
			isa = PBXGroup;
			children = (
				8CFB223F1A54C458089F8707 /* Pods_Example.framework */,
			);
			name = Frameworks;
			sourceTree = "<group>";
		};
		9AEEED8A1F99D61300037B4C = {
			isa = PBXGroup;
			children = (
				9AEEED951F99D61300037B4C /* Example */,
				9AEEED941F99D61300037B4C /* Products */,
				31D76A9514E2FA65E9E55EFC /* Pods */,
				81730C3995166B916E4439A5 /* Frameworks */,
			);
			sourceTree = "<group>";
		};
		9AEEED941F99D61300037B4C /* Products */ = {
			isa = PBXGroup;
			children = (
				9AEEED931F99D61300037B4C /* Example.app */,
			);
			name = Products;
			sourceTree = "<group>";
		};
		9AEEED951F99D61300037B4C /* Example */ = {
			isa = PBXGroup;
			children = (
				9AEEED961F99D61300037B4C /* AppDelegate.swift */,
				9AEEED981F99D61300037B4C /* ViewController.swift */,
				9AEEEDAC1F99D6BF00037B4C /* ContentCollectionViewCell.swift */,
				9AEEEDA91F99D6BE00037B4C /* ContentCollectionViewCell.xib */,
				9AEEEDAE1F99D6BF00037B4C /* CustomCollectionViewLayout.swift */,
				9AEEEDAA1F99D6BE00037B4C /* TableDetailViewController.swift */,
				9AEEEDAD1F99D6BF00037B4C /* TableListTableViewCell.swift */,
				9AEEEDA81F99D6BE00037B4C /* TableListViewController.swift */,
				9AEEEDAB1F99D6BF00037B4C /* TableModel.swift */,
				9AEEED9A1F99D61300037B4C /* Main.storyboard */,
				9AEEED9D1F99D61300037B4C /* Assets.xcassets */,
				9AEEED9F1F99D61300037B4C /* LaunchScreen.storyboard */,
				9AEEEDA21F99D61300037B4C /* Info.plist */,
			);
			path = Example;
			sourceTree = "<group>";
		};
/* End PBXGroup section */

/* Begin PBXNativeTarget section */
		9AEEED921F99D61300037B4C /* Example */ = {
			isa = PBXNativeTarget;
			buildConfigurationList = 9AEEEDA51F99D61300037B4C /* Build configuration list for PBXNativeTarget "Example" */;
			buildPhases = (
				78D7A1072F0F809D98210C36 /* [CP] Check Pods Manifest.lock */,
				9AEEED8F1F99D61300037B4C /* Sources */,
				9AEEED901F99D61300037B4C /* Frameworks */,
				9AEEED911F99D61300037B4C /* Resources */,
				B53380DF354922BDFB2FCF37 /* [CP] Embed Pods Frameworks */,
				1320618C09C730D4AF8B1FF0 /* [CP] Copy Pods Resources */,
			);
			buildRules = (
			);
			dependencies = (
			);
			name = Example;
			productName = Example;
			productReference = 9AEEED931F99D61300037B4C /* Example.app */;
			productType = "com.apple.product-type.application";
		};
/* End PBXNativeTarget section */

/* Begin PBXProject section */
		9AEEED8B1F99D61300037B4C /* Project object */ = {
			isa = PBXProject;
			attributes = {
				LastSwiftUpdateCheck = 0900;
				LastUpgradeCheck = 0900;
				ORGANIZATIONNAME = Fidetro;
				TargetAttributes = {
					9AEEED921F99D61300037B4C = {
						CreatedOnToolsVersion = 9.0.1;
						ProvisioningStyle = Automatic;
					};
				};
			};
			buildConfigurationList = 9AEEED8E1F99D61300037B4C /* Build configuration list for PBXProject "Example" */;
			compatibilityVersion = "Xcode 8.0";
			developmentRegion = en;
			hasScannedForEncodings = 0;
			knownRegions = (
				en,
				Base,
			);
			mainGroup = 9AEEED8A1F99D61300037B4C;
			productRefGroup = 9AEEED941F99D61300037B4C /* Products */;
			projectDirPath = "";
			projectRoot = "";
			targets = (
				9AEEED921F99D61300037B4C /* Example */,
			);
		};
/* End PBXProject section */

/* Begin PBXResourcesBuildPhase section */
		9AEEED911F99D61300037B4C /* Resources */ = {
			isa = PBXResourcesBuildPhase;
			buildActionMask = 2147483647;
			files = (
				9AEEEDB01F99D6BF00037B4C /* ContentCollectionViewCell.xib in Resources */,
				9AEEEDA11F99D61300037B4C /* LaunchScreen.storyboard in Resources */,
				9AEEED9E1F99D61300037B4C /* Assets.xcassets in Resources */,
				9AEEED9C1F99D61300037B4C /* Main.storyboard in Resources */,
			);
			runOnlyForDeploymentPostprocessing = 0;
		};
/* End PBXResourcesBuildPhase section */

/* Begin PBXShellScriptBuildPhase section */
		1320618C09C730D4AF8B1FF0 /* [CP] Copy Pods Resources */ = {
			isa = PBXShellScriptBuildPhase;
			buildActionMask = 2147483647;
			files = (
			);
			inputPaths = (
			);
			name = "[CP] Copy Pods Resources";
			outputPaths = (
			);
			runOnlyForDeploymentPostprocessing = 0;
			shellPath = /bin/sh;
			shellScript = "\"${SRCROOT}/Pods/Target Support Files/Pods-Example/Pods-Example-resources.sh\"\n";
			showEnvVarsInLog = 0;
		};
		78D7A1072F0F809D98210C36 /* [CP] Check Pods Manifest.lock */ = {
			isa = PBXShellScriptBuildPhase;
			buildActionMask = 2147483647;
			files = (
			);
			inputPaths = (
				"${PODS_PODFILE_DIR_PATH}/Podfile.lock",
				"${PODS_ROOT}/Manifest.lock",
			);
			name = "[CP] Check Pods Manifest.lock";
			outputPaths = (
				"$(DERIVED_FILE_DIR)/Pods-Example-checkManifestLockResult.txt",
			);
			runOnlyForDeploymentPostprocessing = 0;
			shellPath = /bin/sh;
			shellScript = "diff \"${PODS_PODFILE_DIR_PATH}/Podfile.lock\" \"${PODS_ROOT}/Manifest.lock\" > /dev/null\nif [ $? != 0 ] ; then\n    # print error to STDERR\n    echo \"error: The sandbox is not in sync with the Podfile.lock. Run 'pod install' or update your CocoaPods installation.\" >&2\n    exit 1\nfi\n# This output is used by Xcode 'outputs' to avoid re-running this script phase.\necho \"SUCCESS\" > \"${SCRIPT_OUTPUT_FILE_0}\"\n";
			showEnvVarsInLog = 0;
		};
		B53380DF354922BDFB2FCF37 /* [CP] Embed Pods Frameworks */ = {
			isa = PBXShellScriptBuildPhase;
			buildActionMask = 2147483647;
			files = (
			);
			inputPaths = (
				"${SRCROOT}/Pods/Target Support Files/Pods-Example/Pods-Example-frameworks.sh",
				"${BUILT_PRODUCTS_DIR}/FMDB/FMDB.framework",
				"${BUILT_PRODUCTS_DIR}/SwiftFFDB/SwiftFFDB.framework",
			);
			name = "[CP] Embed Pods Frameworks";
			outputPaths = (
				"${TARGET_BUILD_DIR}/${FRAMEWORKS_FOLDER_PATH}/FMDB.framework",
				"${TARGET_BUILD_DIR}/${FRAMEWORKS_FOLDER_PATH}/SwiftFFDB.framework",
			);
			runOnlyForDeploymentPostprocessing = 0;
			shellPath = /bin/sh;
			shellScript = "\"${SRCROOT}/Pods/Target Support Files/Pods-Example/Pods-Example-frameworks.sh\"\n";
			showEnvVarsInLog = 0;
		};
/* End PBXShellScriptBuildPhase section */

/* Begin PBXSourcesBuildPhase section */
		9AEEED8F1F99D61300037B4C /* Sources */ = {
			isa = PBXSourcesBuildPhase;
			buildActionMask = 2147483647;
			files = (
				9AEEEDB11F99D6BF00037B4C /* TableDetailViewController.swift in Sources */,
				9AEEEDAF1F99D6BF00037B4C /* TableListViewController.swift in Sources */,
				9AEEEDB31F99D6BF00037B4C /* ContentCollectionViewCell.swift in Sources */,
				9AEEED991F99D61300037B4C /* ViewController.swift in Sources */,
				9AEEED971F99D61300037B4C /* AppDelegate.swift in Sources */,
				9AEEEDB41F99D6BF00037B4C /* TableListTableViewCell.swift in Sources */,
				9AEEEDB51F99D6C000037B4C /* CustomCollectionViewLayout.swift in Sources */,
				9AEEEDB21F99D6BF00037B4C /* TableModel.swift in Sources */,
			);
			runOnlyForDeploymentPostprocessing = 0;
		};
/* End PBXSourcesBuildPhase section */

/* Begin PBXVariantGroup section */
		9AEEED9A1F99D61300037B4C /* Main.storyboard */ = {
			isa = PBXVariantGroup;
			children = (
				9AEEED9B1F99D61300037B4C /* Base */,
			);
			name = Main.storyboard;
			sourceTree = "<group>";
		};
		9AEEED9F1F99D61300037B4C /* LaunchScreen.storyboard */ = {
			isa = PBXVariantGroup;
			children = (
				9AEEEDA01F99D61300037B4C /* Base */,
			);
			name = LaunchScreen.storyboard;
			sourceTree = "<group>";
		};
/* End PBXVariantGroup section */

/* Begin XCBuildConfiguration section */
		9AEEEDA31F99D61300037B4C /* Debug */ = {
			isa = XCBuildConfiguration;
			buildSettings = {
				ALWAYS_SEARCH_USER_PATHS = NO;
				CLANG_ANALYZER_NONNULL = YES;
				CLANG_ANALYZER_NUMBER_OBJECT_CONVERSION = YES_AGGRESSIVE;
				CLANG_CXX_LANGUAGE_STANDARD = "gnu++14";
				CLANG_CXX_LIBRARY = "libc++";
				CLANG_ENABLE_MODULES = YES;
				CLANG_ENABLE_OBJC_ARC = YES;
				CLANG_WARN_BLOCK_CAPTURE_AUTORELEASING = YES;
				CLANG_WARN_BOOL_CONVERSION = YES;
				CLANG_WARN_COMMA = YES;
				CLANG_WARN_CONSTANT_CONVERSION = YES;
				CLANG_WARN_DIRECT_OBJC_ISA_USAGE = YES_ERROR;
				CLANG_WARN_DOCUMENTATION_COMMENTS = YES;
				CLANG_WARN_EMPTY_BODY = YES;
				CLANG_WARN_ENUM_CONVERSION = YES;
				CLANG_WARN_INFINITE_RECURSION = YES;
				CLANG_WARN_INT_CONVERSION = YES;
				CLANG_WARN_NON_LITERAL_NULL_CONVERSION = YES;
				CLANG_WARN_OBJC_LITERAL_CONVERSION = YES;
				CLANG_WARN_OBJC_ROOT_CLASS = YES_ERROR;
				CLANG_WARN_RANGE_LOOP_ANALYSIS = YES;
				CLANG_WARN_STRICT_PROTOTYPES = YES;
				CLANG_WARN_SUSPICIOUS_MOVE = YES;
				CLANG_WARN_UNGUARDED_AVAILABILITY = YES_AGGRESSIVE;
				CLANG_WARN_UNREACHABLE_CODE = YES;
				CLANG_WARN__DUPLICATE_METHOD_MATCH = YES;
				CODE_SIGN_IDENTITY = "iPhone Developer";
				COPY_PHASE_STRIP = NO;
				DEBUG_INFORMATION_FORMAT = dwarf;
				ENABLE_STRICT_OBJC_MSGSEND = YES;
				ENABLE_TESTABILITY = YES;
				GCC_C_LANGUAGE_STANDARD = gnu11;
				GCC_DYNAMIC_NO_PIC = NO;
				GCC_NO_COMMON_BLOCKS = YES;
				GCC_OPTIMIZATION_LEVEL = 0;
				GCC_PREPROCESSOR_DEFINITIONS = (
					"DEBUG=1",
					"$(inherited)",
				);
				GCC_WARN_64_TO_32_BIT_CONVERSION = YES;
				GCC_WARN_ABOUT_RETURN_TYPE = YES_ERROR;
				GCC_WARN_UNDECLARED_SELECTOR = YES;
				GCC_WARN_UNINITIALIZED_AUTOS = YES_AGGRESSIVE;
				GCC_WARN_UNUSED_FUNCTION = YES;
				GCC_WARN_UNUSED_VARIABLE = YES;
				IPHONEOS_DEPLOYMENT_TARGET = 11.0;
				MTL_ENABLE_DEBUG_INFO = YES;
				ONLY_ACTIVE_ARCH = YES;
				SDKROOT = iphoneos;
				SWIFT_ACTIVE_COMPILATION_CONDITIONS = DEBUG;
				SWIFT_OPTIMIZATION_LEVEL = "-Onone";
			};
			name = Debug;
		};
		9AEEEDA41F99D61300037B4C /* Release */ = {
			isa = XCBuildConfiguration;
			buildSettings = {
				ALWAYS_SEARCH_USER_PATHS = NO;
				CLANG_ANALYZER_NONNULL = YES;
				CLANG_ANALYZER_NUMBER_OBJECT_CONVERSION = YES_AGGRESSIVE;
				CLANG_CXX_LANGUAGE_STANDARD = "gnu++14";
				CLANG_CXX_LIBRARY = "libc++";
				CLANG_ENABLE_MODULES = YES;
				CLANG_ENABLE_OBJC_ARC = YES;
				CLANG_WARN_BLOCK_CAPTURE_AUTORELEASING = YES;
				CLANG_WARN_BOOL_CONVERSION = YES;
				CLANG_WARN_COMMA = YES;
				CLANG_WARN_CONSTANT_CONVERSION = YES;
				CLANG_WARN_DIRECT_OBJC_ISA_USAGE = YES_ERROR;
				CLANG_WARN_DOCUMENTATION_COMMENTS = YES;
				CLANG_WARN_EMPTY_BODY = YES;
				CLANG_WARN_ENUM_CONVERSION = YES;
				CLANG_WARN_INFINITE_RECURSION = YES;
				CLANG_WARN_INT_CONVERSION = YES;
				CLANG_WARN_NON_LITERAL_NULL_CONVERSION = YES;
				CLANG_WARN_OBJC_LITERAL_CONVERSION = YES;
				CLANG_WARN_OBJC_ROOT_CLASS = YES_ERROR;
				CLANG_WARN_RANGE_LOOP_ANALYSIS = YES;
				CLANG_WARN_STRICT_PROTOTYPES = YES;
				CLANG_WARN_SUSPICIOUS_MOVE = YES;
				CLANG_WARN_UNGUARDED_AVAILABILITY = YES_AGGRESSIVE;
				CLANG_WARN_UNREACHABLE_CODE = YES;
				CLANG_WARN__DUPLICATE_METHOD_MATCH = YES;
				CODE_SIGN_IDENTITY = "iPhone Developer";
				COPY_PHASE_STRIP = NO;
				DEBUG_INFORMATION_FORMAT = "dwarf-with-dsym";
				ENABLE_NS_ASSERTIONS = NO;
				ENABLE_STRICT_OBJC_MSGSEND = YES;
				GCC_C_LANGUAGE_STANDARD = gnu11;
				GCC_NO_COMMON_BLOCKS = YES;
				GCC_WARN_64_TO_32_BIT_CONVERSION = YES;
				GCC_WARN_ABOUT_RETURN_TYPE = YES_ERROR;
				GCC_WARN_UNDECLARED_SELECTOR = YES;
				GCC_WARN_UNINITIALIZED_AUTOS = YES_AGGRESSIVE;
				GCC_WARN_UNUSED_FUNCTION = YES;
				GCC_WARN_UNUSED_VARIABLE = YES;
				IPHONEOS_DEPLOYMENT_TARGET = 11.0;
				MTL_ENABLE_DEBUG_INFO = NO;
				SDKROOT = iphoneos;
				SWIFT_OPTIMIZATION_LEVEL = "-Owholemodule";
				VALIDATE_PRODUCT = YES;
			};
			name = Release;
		};
		9AEEEDA61F99D61300037B4C /* Debug */ = {
			isa = XCBuildConfiguration;
			baseConfigurationReference = 601E24FC7910BD5781589A1C /* Pods-Example.debug.xcconfig */;
			buildSettings = {
				ASSETCATALOG_COMPILER_APPICON_NAME = AppIcon;
				CODE_SIGN_STYLE = Automatic;
				DEVELOPMENT_TEAM = J3BJ7G2PUN;
				INFOPLIST_FILE = Example/Info.plist;
				LD_RUNPATH_SEARCH_PATHS = "$(inherited) @executable_path/Frameworks";
				PRODUCT_BUNDLE_IDENTIFIER = com.Fidetro.Example;
				PRODUCT_NAME = "$(TARGET_NAME)";
				SWIFT_VERSION = 4.0;
				TARGETED_DEVICE_FAMILY = "1,2";
			};
			name = Debug;
		};
		9AEEEDA71F99D61300037B4C /* Release */ = {
			isa = XCBuildConfiguration;
			baseConfigurationReference = CDEE7733EC56EEEC570C66FB /* Pods-Example.release.xcconfig */;
			buildSettings = {
				ASSETCATALOG_COMPILER_APPICON_NAME = AppIcon;
				CODE_SIGN_STYLE = Automatic;
				DEVELOPMENT_TEAM = J3BJ7G2PUN;
				INFOPLIST_FILE = Example/Info.plist;
				LD_RUNPATH_SEARCH_PATHS = "$(inherited) @executable_path/Frameworks";
				PRODUCT_BUNDLE_IDENTIFIER = com.Fidetro.Example;
				PRODUCT_NAME = "$(TARGET_NAME)";
				SWIFT_VERSION = 4.0;
				TARGETED_DEVICE_FAMILY = "1,2";
			};
			name = Release;
		};
/* End XCBuildConfiguration section */

/* Begin XCConfigurationList section */
		9AEEED8E1F99D61300037B4C /* Build configuration list for PBXProject "Example" */ = {
			isa = XCConfigurationList;
			buildConfigurations = (
				9AEEEDA31F99D61300037B4C /* Debug */,
				9AEEEDA41F99D61300037B4C /* Release */,
			);
			defaultConfigurationIsVisible = 0;
			defaultConfigurationName = Release;
		};
		9AEEEDA51F99D61300037B4C /* Build configuration list for PBXNativeTarget "Example" */ = {
			isa = XCConfigurationList;
			buildConfigurations = (
				9AEEEDA61F99D61300037B4C /* Debug */,
				9AEEEDA71F99D61300037B4C /* Release */,
			);
			defaultConfigurationIsVisible = 0;
			defaultConfigurationName = Release;
		};
/* End XCConfigurationList section */
	};
	rootObject = 9AEEED8B1F99D61300037B4C /* Project object */;
}
